{
  "version": 4,
  "terraform_version": "1.13.0",
  "serial": 52,
  "lineage": "9c4df847-db6d-2f88-0016-b6ac306d4e90",
  "outputs": {
    "prometheus_url": {
      "value": "https://192.168.56.14:30800",
      "type": "string"
    }
  },
  "resources": [
    {
      "mode": "data",
      "type": "kubernetes_nodes",
      "name": "master",
      "provider": "provider[\"registry.terraform.io/hashicorp/kubernetes\"]",
      "instances": [
        {
          "schema_version": 0,
          "attributes": {
            "id": "29b0d5633bae78b9f42bfa0a79a6b421f27fd02a58d36c44f55b584a814a4220",
            "metadata": [
              {
                "labels": {
                  "owner": "mac"
                }
              }
            ],
            "nodes": [
              {
                "metadata": [
                  {
                    "annotations": {
                      "kubeadm.alpha.kubernetes.io/cri-socket": "unix:///var/run/containerd/containerd.sock",
                      "node.alpha.kubernetes.io/ttl": "0",
                      "volumes.kubernetes.io/controller-managed-attach-detach": "true"
                    },
                    "generation": 0,
                    "labels": {
                      "beta.kubernetes.io/arch": "amd64",
                      "beta.kubernetes.io/os": "linux",
                      "kubernetes.io/arch": "amd64",
                      "kubernetes.io/hostname": "dev",
                      "kubernetes.io/os": "linux",
                      "owner": "mac"
                    },
                    "name": "dev",
                    "resource_version": "694887",
                    "uid": "9d9d8569-d51a-4730-802d-05cf99ff4a2c"
                  }
                ],
                "spec": [
                  {
                    "pod_cidr": "10.244.1.0/24",
                    "pod_cidrs": [
                      "10.244.1.0/24"
                    ],
                    "provider_id": "",
                    "taints": [],
                    "unschedulable": false
                  }
                ],
                "status": [
                  {
                    "addresses": [
                      {
                        "address": "192.168.56.14",
                        "type": "InternalIP"
                      },
                      {
                        "address": "dev",
                        "type": "Hostname"
                      }
                    ],
                    "allocatable": {
                      "cpu": "2",
                      "ephemeral-storage": "37399969321",
                      "hugepages-2Mi": "0",
                      "memory": "1908384Ki",
                      "pods": "110"
                    },
                    "capacity": {
                      "cpu": "2",
                      "ephemeral-storage": "40581564Ki",
                      "hugepages-2Mi": "0",
                      "memory": "2010784Ki",
                      "pods": "110"
                    },
                    "conditions": [
                      {
                        "last_heartbeat_time": "2025-07-04 18:10:14 +0300 EEST",
                        "last_transition_time": "2025-07-04 18:10:14 +0300 EEST",
                        "message": "Cilium is running on this node",
                        "reason": "CiliumIsUp",
                        "status": "False",
                        "type": "NetworkUnavailable"
                      },
                      {
                        "last_heartbeat_time": "2025-10-19 14:26:38 +0300 EEST",
                        "last_transition_time": "2025-10-19 04:25:28 +0300 EEST",
                        "message": "kubelet has sufficient memory available",
                        "reason": "KubeletHasSufficientMemory",
                        "status": "False",
                        "type": "MemoryPressure"
                      },
                      {
                        "last_heartbeat_time": "2025-10-19 14:26:38 +0300 EEST",
                        "last_transition_time": "2025-10-19 04:25:28 +0300 EEST",
                        "message": "kubelet has no disk pressure",
                        "reason": "KubeletHasNoDiskPressure",
                        "status": "False",
                        "type": "DiskPressure"
                      },
                      {
                        "last_heartbeat_time": "2025-10-19 14:26:38 +0300 EEST",
                        "last_transition_time": "2025-10-19 04:25:28 +0300 EEST",
                        "message": "kubelet has sufficient PID available",
                        "reason": "KubeletHasSufficientPID",
                        "status": "False",
                        "type": "PIDPressure"
                      },
                      {
                        "last_heartbeat_time": "2025-10-19 14:26:38 +0300 EEST",
                        "last_transition_time": "2025-10-19 04:25:28 +0300 EEST",
                        "message": "kubelet is posting ready status",
                        "reason": "KubeletReady",
                        "status": "True",
                        "type": "Ready"
                      }
                    ],
                    "node_info": [
                      {
                        "architecture": "amd64",
                        "boot_id": "a586a52d-9951-41ff-ac2a-38f4e90595f1",
                        "container_runtime_version": "containerd://1.7.27",
                        "kernel_version": "5.15.0-157-generic",
                        "kube_proxy_version": "",
                        "kubelet_version": "v1.33.3",
                        "machine_id": "e47c397a4c9147a7be82387e3168d3f4",
                        "operating_system": "linux",
                        "os_image": "Ubuntu 22.04.5 LTS",
                        "system_uuid": "696c7bd0-4bd8-f248-aab8-3c9f9ed4b5cb"
                      }
                    ]
                  }
                ]
              },
              {
                "metadata": [
                  {
                    "annotations": {
                      "kubeadm.alpha.kubernetes.io/cri-socket": "unix:///var/run/containerd/containerd.sock",
                      "node.alpha.kubernetes.io/ttl": "0",
                      "volumes.kubernetes.io/controller-managed-attach-detach": "true"
                    },
                    "generation": 0,
                    "labels": {
                      "beta.kubernetes.io/arch": "amd64",
                      "beta.kubernetes.io/os": "linux",
                      "kubernetes.io/arch": "amd64",
                      "kubernetes.io/hostname": "ubuntu-jammy",
                      "kubernetes.io/os": "linux",
                      "node-role.kubernetes.io/control-plane": "",
                      "node.kubernetes.io/exclude-from-external-load-balancers": "",
                      "owner": "mac"
                    },
                    "name": "ubuntu-jammy",
                    "resource_version": "695347",
                    "uid": "481e8158-0377-4274-898e-f18bf92c1178"
                  }
                ],
                "spec": [
                  {
                    "pod_cidr": "10.244.0.0/24",
                    "pod_cidrs": [
                      "10.244.0.0/24"
                    ],
                    "provider_id": "",
                    "taints": [
                      {
                        "effect": "NoSchedule",
                        "key": "node-role.kubernetes.io/control-plane",
                        "value": ""
                      }
                    ],
                    "unschedulable": false
                  }
                ],
                "status": [
                  {
                    "addresses": [
                      {
                        "address": "192.168.56.10",
                        "type": "InternalIP"
                      },
                      {
                        "address": "ubuntu-jammy",
                        "type": "Hostname"
                      }
                    ],
                    "allocatable": {
                      "cpu": "2",
                      "ephemeral-storage": "37399969321",
                      "hugepages-2Mi": "0",
                      "memory": "1887912Ki",
                      "pods": "110"
                    },
                    "capacity": {
                      "cpu": "2",
                      "ephemeral-storage": "40581564Ki",
                      "hugepages-2Mi": "0",
                      "memory": "1990312Ki",
                      "pods": "110"
                    },
                    "conditions": [
                      {
                        "last_heartbeat_time": "2025-07-04 17:43:16 +0300 EEST",
                        "last_transition_time": "2025-07-04 17:43:16 +0300 EEST",
                        "message": "Cilium is running on this node",
                        "reason": "CiliumIsUp",
                        "status": "False",
                        "type": "NetworkUnavailable"
                      },
                      {
                        "last_heartbeat_time": "2025-10-19 14:30:03 +0300 EEST",
                        "last_transition_time": "2025-07-08 00:29:29 +0300 EEST",
                        "message": "kubelet has sufficient memory available",
                        "reason": "KubeletHasSufficientMemory",
                        "status": "False",
                        "type": "MemoryPressure"
                      },
                      {
                        "last_heartbeat_time": "2025-10-19 14:30:03 +0300 EEST",
                        "last_transition_time": "2025-07-08 00:29:29 +0300 EEST",
                        "message": "kubelet has no disk pressure",
                        "reason": "KubeletHasNoDiskPressure",
                        "status": "False",
                        "type": "DiskPressure"
                      },
                      {
                        "last_heartbeat_time": "2025-10-19 14:30:03 +0300 EEST",
                        "last_transition_time": "2025-07-08 00:29:29 +0300 EEST",
                        "message": "kubelet has sufficient PID available",
                        "reason": "KubeletHasSufficientPID",
                        "status": "False",
                        "type": "PIDPressure"
                      },
                      {
                        "last_heartbeat_time": "2025-10-19 14:30:03 +0300 EEST",
                        "last_transition_time": "2025-07-08 00:29:29 +0300 EEST",
                        "message": "kubelet is posting ready status",
                        "reason": "KubeletReady",
                        "status": "True",
                        "type": "Ready"
                      }
                    ],
                    "node_info": [
                      {
                        "architecture": "amd64",
                        "boot_id": "4f9ddc4e-357d-46f6-9220-535f0e85a640",
                        "container_runtime_version": "containerd://1.7.27",
                        "kernel_version": "5.15.0-157-generic",
                        "kube_proxy_version": "",
                        "kubelet_version": "v1.33.3",
                        "machine_id": "cfa47e685ec54c69906b585bbbaa8720",
                        "operating_system": "linux",
                        "os_image": "Ubuntu 22.04.5 LTS",
                        "system_uuid": "38907911-0b56-a14a-8701-56af2b9ca8d4"
                      }
                    ]
                  }
                ]
              }
            ]
          },
          "sensitive_attributes": [],
          "identity_schema_version": 0
        }
      ]
    },
    {
      "mode": "managed",
      "type": "kubernetes_namespace",
      "name": "name",
      "provider": "provider[\"registry.terraform.io/hashicorp/kubernetes\"]",
      "instances": [
        {
          "schema_version": 0,
          "attributes": {
            "id": "default",
            "metadata": [
              {
                "annotations": {},
                "generate_name": "",
                "generation": 0,
                "labels": {},
                "name": "default",
                "resource_version": "35",
                "uid": "e8d42eca-a29d-4601-a1fe-35dd52823a56"
              }
            ],
            "timeouts": null,
            "wait_for_default_service_account": null
          },
          "sensitive_attributes": [],
          "identity_schema_version": 1,
          "identity": {
            "api_version": "v1",
            "kind": "Namespace",
            "name": "default"
          },
          "private": "eyJlMmJmYjczMC1lY2FhLTExZTYtOGY4OC0zNDM2M2JjN2M0YzAiOnsiZGVsZXRlIjozMDAwMDAwMDAwMDB9LCJzY2hlbWFfdmVyc2lvbiI6IjAifQ=="
        }
      ]
    },
    {
      "module": "module.prometheus",
      "mode": "managed",
      "type": "kubernetes_deployment",
      "name": "example",
      "provider": "provider[\"registry.terraform.io/hashicorp/kubernetes\"]",
      "instances": [
        {
          "schema_version": 1,
          "attributes": {
            "id": "test/production-prometheus",
            "metadata": [
              {
                "annotations": {
                  "owner": "devops-team"
                },
                "generate_name": "",
                "generation": 1,
                "labels": {
                  "app": "prometheus"
                },
                "name": "production-prometheus",
                "namespace": "test",
                "resource_version": "695539",
                "uid": "37f28bf8-a189-4c12-b938-df9ac457d27e"
              }
            ],
            "spec": [
              {
                "min_ready_seconds": 0,
                "paused": false,
                "progress_deadline_seconds": 600,
                "replicas": "2",
                "revision_history_limit": 10,
                "selector": [
                  {
                    "match_expressions": [],
                    "match_labels": {
                      "app": "prometheus"
                    }
                  }
                ],
                "strategy": [
                  {
                    "rolling_update": [
                      {
                        "max_surge": "25%",
                        "max_unavailable": "25%"
                      }
                    ],
                    "type": "RollingUpdate"
                  }
                ],
                "template": [
                  {
                    "metadata": [
                      {
                        "annotations": null,
                        "generate_name": "",
                        "generation": 0,
                        "labels": {
                          "app": "prometheus"
                        },
                        "name": "",
                        "namespace": "",
                        "resource_version": "",
                        "uid": ""
                      }
                    ],
                    "spec": [
                      {
                        "active_deadline_seconds": 0,
                        "affinity": [],
                        "automount_service_account_token": true,
                        "container": [
                          {
                            "args": null,
                            "command": null,
                            "env": [],
                            "env_from": [],
                            "image": "prom/prometheus:latest",
                            "image_pull_policy": "Always",
                            "lifecycle": [],
                            "liveness_probe": [],
                            "name": "prometheus-1",
                            "port": [],
                            "readiness_probe": [],
                            "resources": [
                              {
                                "limits": {
                                  "cpu": "200m",
                                  "memory": "128Mi"
                                },
                                "requests": {
                                  "cpu": "100m",
                                  "memory": "64Mi"
                                }
                              }
                            ],
                            "security_context": [],
                            "startup_probe": [],
                            "stdin": false,
                            "stdin_once": false,
                            "termination_message_path": "/dev/termination-log",
                            "termination_message_policy": "File",
                            "tty": false,
                            "volume_device": [],
                            "volume_mount": [],
                            "working_dir": ""
                          }
                        ],
                        "dns_config": [],
                        "dns_policy": "ClusterFirst",
                        "enable_service_links": true,
                        "host_aliases": [],
                        "host_ipc": false,
                        "host_network": false,
                        "host_pid": false,
                        "hostname": "",
                        "image_pull_secrets": [],
                        "init_container": [],
                        "node_name": "",
                        "node_selector": null,
                        "os": [],
                        "priority_class_name": "",
                        "readiness_gate": [],
                        "restart_policy": "Always",
                        "runtime_class_name": "",
                        "scheduler_name": "default-scheduler",
                        "security_context": [],
                        "service_account_name": "",
                        "share_process_namespace": false,
                        "subdomain": "",
                        "termination_grace_period_seconds": 30,
                        "toleration": [],
                        "topology_spread_constraint": [],
                        "volume": []
                      }
                    ]
                  }
                ]
              }
            ],
            "timeouts": null,
            "wait_for_rollout": true
          },
          "sensitive_attributes": [],
          "identity_schema_version": 1,
          "identity": {
            "api_version": "apps/v1",
            "kind": "Deployment",
            "name": "production-prometheus",
            "namespace": "test"
          },
          "private": "eyJlMmJmYjczMC1lY2FhLTExZTYtOGY4OC0zNDM2M2JjN2M0YzAiOnsiY3JlYXRlIjo2MDAwMDAwMDAwMDAsImRlbGV0ZSI6NjAwMDAwMDAwMDAwLCJ1cGRhdGUiOjYwMDAwMDAwMDAwMH0sInNjaGVtYV92ZXJzaW9uIjoiMSJ9"
        }
      ]
    },
    {
      "module": "module.prometheus",
      "mode": "managed",
      "type": "kubernetes_service",
      "name": "service",
      "provider": "provider[\"registry.terraform.io/hashicorp/kubernetes\"]",
      "instances": [
        {
          "schema_version": 1,
          "attributes": {
            "id": "test/production-prometheus-service",
            "metadata": [
              {
                "annotations": null,
                "generate_name": "",
                "generation": 0,
                "labels": {
                  "app": "prometheus",
                  "environment": "production"
                },
                "name": "production-prometheus-service",
                "namespace": "test",
                "resource_version": "695491",
                "uid": "eb61b5e5-ebc0-4c9c-ad07-637b62afb9e3"
              }
            ],
            "spec": [
              {
                "allocate_load_balancer_node_ports": true,
                "cluster_ip": "10.111.96.209",
                "cluster_ips": [
                  "10.111.96.209"
                ],
                "external_ips": null,
                "external_name": "",
                "external_traffic_policy": "Cluster",
                "health_check_node_port": 0,
                "internal_traffic_policy": "Cluster",
                "ip_families": [
                  "IPv4"
                ],
                "ip_family_policy": "SingleStack",
                "load_balancer_class": "",
                "load_balancer_ip": "",
                "load_balancer_source_ranges": null,
                "port": [
                  {
                    "app_protocol": "",
                    "name": "",
                    "node_port": 30800,
                    "port": 80,
                    "protocol": "TCP",
                    "target_port": "9090"
                  }
                ],
                "publish_not_ready_addresses": false,
                "selector": {
                  "app": "prometheus"
                },
                "session_affinity": "None",
                "session_affinity_config": [],
                "type": "NodePort"
              }
            ],
            "status": [
              {
                "load_balancer": [
                  {
                    "ingress": []
                  }
                ]
              }
            ],
            "timeouts": null,
            "wait_for_load_balancer": true
          },
          "sensitive_attributes": [],
          "identity_schema_version": 1,
          "identity": {
            "api_version": "v1",
            "kind": "Service",
            "name": "production-prometheus-service",
            "namespace": "test"
          },
          "private": "eyJlMmJmYjczMC1lY2FhLTExZTYtOGY4OC0zNDM2M2JjN2M0YzAiOnsiY3JlYXRlIjo2MDAwMDAwMDAwMDB9LCJzY2hlbWFfdmVyc2lvbiI6IjEifQ=="
        }
      ]
    }
  ],
  "check_results": [
    {
      "object_kind": "var",
      "config_addr": "module.prometheus.var.service",
      "status": "pass",
      "objects": [
        {
          "object_addr": "module.prometheus.var.service",
          "status": "pass"
        }
      ]
    }
  ]
}
