{
  "version": 4,
  "terraform_version": "1.13.0",
  "serial": 25,
  "lineage": "18c5cd63-1f3c-c79d-7eaa-a63365e4917d",
  "outputs": {},
  "resources": [
    {
      "mode": "managed",
      "type": "local_file",
      "name": "name",
      "provider": "provider[\"registry.terraform.io/hashicorp/local\"]",
      "instances": [
        {
          "schema_version": 0,
          "attributes": {
            "content": "This is an example file.",
            "content_base64": null,
            "content_base64sha256": "UjCRhILUuc/iWyxOp70biOrjyMJN65M3gRRBpjeJjEk=",
            "content_base64sha512": "7DmNxMxPFk4qaJkbw9XX7GJLGsOKuwlnbS620yJQ0ixbM3D5Jw3pt9e+dJJUk9V4VAZ26iJmeezoIsywiOja/g==",
            "content_md5": "078cdc449fdf9458991c1d547d2906a5",
            "content_sha1": "4ead9c6c1fca5ed0ac9d8abde415ab4f8e63ae86",
            "content_sha256": "5230918482d4b9cfe25b2c4ea7bd1b88eae3c8c24deb9337811441a637898c49",
            "content_sha512": "ec398dc4cc4f164e2a68991bc3d5d7ec624b1ac38abb09676d2eb6d32250d22c5b3370f9270de9b7d7be74925493d578540676ea226679ece822ccb088e8dafe",
            "directory_permission": "0777",
            "file_permission": "0777",
            "filename": "example.txt",
            "id": "4ead9c6c1fca5ed0ac9d8abde415ab4f8e63ae86",
            "sensitive_content": null,
            "source": null
          },
          "sensitive_attributes": [
            [
              {
                "type": "get_attr",
                "value": "sensitive_content"
              }
            ]
          ],
          "identity_schema_version": 0
        }
      ]
    },
    {
      "module": "module.deploy",
      "mode": "managed",
      "type": "kubernetes_deployment",
      "name": "example",
      "provider": "provider[\"registry.terraform.io/hashicorp/kubernetes\"]",
      "instances": [
        {
          "schema_version": 1,
          "attributes": {
            "id": "test/staging-prometheus",
            "metadata": [
              {
                "annotations": {
                  "owner": "devops-team"
                },
                "generate_name": "",
                "generation": 3,
                "labels": {
                  "app": "prometheus"
                },
                "name": "staging-prometheus",
                "namespace": "test",
                "resource_version": "668475",
                "uid": "45a0bc10-aef6-4d85-928f-3b596223c152"
              }
            ],
            "spec": [
              {
                "min_ready_seconds": 0,
                "paused": false,
                "progress_deadline_seconds": 600,
                "replicas": "1",
                "revision_history_limit": 10,
                "selector": [
                  {
                    "match_expressions": [],
                    "match_labels": {
                      "app": "prometheus"
                    }
                  }
                ],
                "strategy": [
                  {
                    "rolling_update": [
                      {
                        "max_surge": "25%",
                        "max_unavailable": "25%"
                      }
                    ],
                    "type": "RollingUpdate"
                  }
                ],
                "template": [
                  {
                    "metadata": [
                      {
                        "annotations": {},
                        "generate_name": "",
                        "generation": 0,
                        "labels": {
                          "app": "prometheus"
                        },
                        "name": "",
                        "namespace": "",
                        "resource_version": "",
                        "uid": ""
                      }
                    ],
                    "spec": [
                      {
                        "active_deadline_seconds": 0,
                        "affinity": [],
                        "automount_service_account_token": true,
                        "container": [
                          {
                            "args": [],
                            "command": [],
                            "env": [],
                            "env_from": [],
                            "image": "nginx:latest",
                            "image_pull_policy": "Always",
                            "lifecycle": [],
                            "liveness_probe": [],
                            "name": "nginx-1",
                            "port": [],
                            "readiness_probe": [],
                            "resources": [
                              {
                                "limits": {
                                  "cpu": "200m",
                                  "memory": "128Mi"
                                },
                                "requests": {
                                  "cpu": "100m",
                                  "memory": "64Mi"
                                }
                              }
                            ],
                            "security_context": [],
                            "startup_probe": [],
                            "stdin": false,
                            "stdin_once": false,
                            "termination_message_path": "/dev/termination-log",
                            "termination_message_policy": "File",
                            "tty": false,
                            "volume_device": [],
                            "volume_mount": [],
                            "working_dir": ""
                          },
                          {
                            "args": [],
                            "command": [],
                            "env": [],
                            "env_from": [],
                            "image": "prom/prometheus:latest",
                            "image_pull_policy": "Always",
                            "lifecycle": [],
                            "liveness_probe": [],
                            "name": "prometheus-1",
                            "port": [],
                            "readiness_probe": [],
                            "resources": [
                              {
                                "limits": {
                                  "cpu": "200m",
                                  "memory": "128Mi"
                                },
                                "requests": {
                                  "cpu": "100m",
                                  "memory": "64Mi"
                                }
                              }
                            ],
                            "security_context": [],
                            "startup_probe": [],
                            "stdin": false,
                            "stdin_once": false,
                            "termination_message_path": "/dev/termination-log",
                            "termination_message_policy": "File",
                            "tty": false,
                            "volume_device": [],
                            "volume_mount": [],
                            "working_dir": ""
                          }
                        ],
                        "dns_config": [],
                        "dns_policy": "ClusterFirst",
                        "enable_service_links": true,
                        "host_aliases": [],
                        "host_ipc": false,
                        "host_network": false,
                        "host_pid": false,
                        "hostname": "",
                        "image_pull_secrets": [],
                        "init_container": [],
                        "node_name": "",
                        "node_selector": {},
                        "os": [],
                        "priority_class_name": "",
                        "readiness_gate": [],
                        "restart_policy": "Always",
                        "runtime_class_name": "",
                        "scheduler_name": "default-scheduler",
                        "security_context": [],
                        "service_account_name": "",
                        "share_process_namespace": false,
                        "subdomain": "",
                        "termination_grace_period_seconds": 30,
                        "toleration": [],
                        "topology_spread_constraint": [],
                        "volume": []
                      }
                    ]
                  }
                ]
              }
            ],
            "timeouts": null,
            "wait_for_rollout": true
          },
          "sensitive_attributes": [],
          "identity_schema_version": 1,
          "identity": {
            "api_version": "apps/v1",
            "kind": "Deployment",
            "name": "staging-prometheus",
            "namespace": "test"
          },
          "private": "eyJlMmJmYjczMC1lY2FhLTExZTYtOGY4OC0zNDM2M2JjN2M0YzAiOnsiY3JlYXRlIjo2MDAwMDAwMDAwMDAsImRlbGV0ZSI6NjAwMDAwMDAwMDAwLCJ1cGRhdGUiOjYwMDAwMDAwMDAwMH0sInNjaGVtYV92ZXJzaW9uIjoiMSJ9"
        }
      ]
    }
  ],
  "check_results": null
}
