{
  "version": 4,
  "terraform_version": "1.13.0",
  "serial": 86,
  "lineage": "bd5507d6-5c4a-426d-4311-1cff006e68be",
  "outputs": {
    "ec2_public_ip": {
      "value": "54.90.155.86",
      "type": "string"
    }
  },
  "resources": [
    {
      "module": "module.Backend_EC2",
      "mode": "managed",
      "type": "aws_instance",
      "name": "General_EC2_instance",
      "provider": "provider[\"registry.terraform.io/hashicorp/aws\"]",
      "instances": [
        {
          "schema_version": 2,
          "attributes": {
            "ami": "ami-0360c520857e3138f",
            "arn": "arn:aws:ec2:us-east-1:258049740213:instance/i-0a6f6d9aa98fce347",
            "associate_public_ip_address": true,
            "availability_zone": "us-east-1b",
            "capacity_reservation_specification": [
              {
                "capacity_reservation_preference": "open",
                "capacity_reservation_target": []
              }
            ],
            "cpu_options": [
              {
                "amd_sev_snp": "",
                "core_count": 1,
                "threads_per_core": 2
              }
            ],
            "credit_specification": [
              {
                "cpu_credits": "unlimited"
              }
            ],
            "disable_api_stop": false,
            "disable_api_termination": false,
            "ebs_block_device": [],
            "ebs_optimized": false,
            "enable_primary_ipv6": null,
            "enclave_options": [
              {
                "enabled": false
              }
            ],
            "ephemeral_block_device": [],
            "force_destroy": false,
            "get_password_data": false,
            "hibernation": false,
            "host_id": "",
            "host_resource_group_arn": null,
            "iam_instance_profile": "",
            "id": "i-0a6f6d9aa98fce347",
            "instance_initiated_shutdown_behavior": "stop",
            "instance_lifecycle": "",
            "instance_market_options": [],
            "instance_state": "running",
            "instance_type": "t3.micro",
            "ipv6_address_count": 0,
            "ipv6_addresses": [],
            "key_name": "Bastion-my-key-pair",
            "launch_template": [],
            "maintenance_options": [
              {
                "auto_recovery": "default"
              }
            ],
            "metadata_options": [
              {
                "http_endpoint": "enabled",
                "http_protocol_ipv6": "disabled",
                "http_put_response_hop_limit": 2,
                "http_tokens": "required",
                "instance_metadata_tags": "disabled"
              }
            ],
            "monitoring": false,
            "network_interface": [],
            "outpost_arn": "",
            "password_data": "",
            "placement_group": "",
            "placement_partition_number": 0,
            "primary_network_interface": [
              {
                "delete_on_termination": true,
                "network_interface_id": "eni-051a6fbed2490f634"
              }
            ],
            "primary_network_interface_id": "eni-051a6fbed2490f634",
            "private_dns": "ip-10-0-6-166.ec2.internal",
            "private_dns_name_options": [
              {
                "enable_resource_name_dns_a_record": false,
                "enable_resource_name_dns_aaaa_record": false,
                "hostname_type": "ip-name"
              }
            ],
            "private_ip": "10.0.6.166",
            "public_dns": "ec2-54-90-155-86.compute-1.amazonaws.com",
            "public_ip": "54.90.155.86",
            "region": "us-east-1",
            "root_block_device": [
              {
                "delete_on_termination": true,
                "device_name": "/dev/sda1",
                "encrypted": false,
                "iops": 3000,
                "kms_key_id": "",
                "tags": {},
                "tags_all": {},
                "throughput": 125,
                "volume_id": "vol-086a4ae889f6d5a32",
                "volume_size": 8,
                "volume_type": "gp3"
              }
            ],
            "secondary_private_ips": [],
            "security_groups": [],
            "source_dest_check": true,
            "spot_instance_request_id": "",
            "subnet_id": "subnet-0946481944022c484",
            "tags": {
              "Environment": "development",
              "Name": "backend-my-ec2-instance-instance",
              "Owner": "Macarious"
            },
            "tags_all": {
              "Environment": "development",
              "Name": "backend-my-ec2-instance-instance",
              "Owner": "Macarious"
            },
            "tenancy": "default",
            "timeouts": null,
            "user_data": "#!/bin/bash\napt update -y\n# apt install -y nginx\n# systemctl enable nginx\n# systemctl start nginx\n\n# Replace the Nginx default index page with hostname info\n# echo \"\u003ch1\u003ebackend from $(hostname)\u003c/h1\u003e\" \u003e /var/www/html/index.html",
            "user_data_base64": null,
            "user_data_replace_on_change": false,
            "volume_tags": null,
            "vpc_security_group_ids": [
              "sg-0217afa429318f075"
            ]
          },
          "sensitive_attributes": [],
          "identity_schema_version": 0,
          "private": "eyJlMmJmYjczMC1lY2FhLTExZTYtOGY4OC0zNDM2M2JjN2M0YzAiOnsiY3JlYXRlIjo2MDAwMDAwMDAwMDAsImRlbGV0ZSI6MTIwMDAwMDAwMDAwMCwicmVhZCI6OTAwMDAwMDAwMDAwLCJ1cGRhdGUiOjYwMDAwMDAwMDAwMH0sInNjaGVtYV92ZXJzaW9uIjoiMiJ9",
          "dependencies": [
            "module.KEY_Bastion.aws_key_pair.General_Key_Pair",
            "module.KEY_Bastion.tls_private_key.my_key",
            "module.SG.aws_security_group.General_SG",
            "module.VPC.aws_subnet.public_subnets",
            "module.VPC.aws_vpc.General_vpc"
          ]
        }
      ]
    },
    {
      "module": "module.KEY_Bastion",
      "mode": "managed",
      "type": "aws_key_pair",
      "name": "General_Key_Pair",
      "provider": "provider[\"registry.terraform.io/hashicorp/aws\"]",
      "instances": [
        {
          "schema_version": 1,
          "attributes": {
            "arn": "arn:aws:ec2:us-east-1:258049740213:key-pair/Bastion-my-key-pair",
            "fingerprint": "79:81:2e:3c:2a:4b:f0:d1:c2:78:3a:84:e0:8c:3e:5a",
            "id": "Bastion-my-key-pair",
            "key_name": "Bastion-my-key-pair",
            "key_name_prefix": "",
            "key_pair_id": "key-0d9e75a23340e0f1e",
            "key_type": "rsa",
            "public_key": "ssh-rsa AAAAB3NzaC1yc2EAAAADAQABAAACAQC3qmOPtqMioYbuZNz4LwJkC2goFRQM5qjnkeIUl2XIQFEJm8A74Wi58IuFg5yjIxE0+m1PQ/RXa8iI2qBBvx6BefmbN0Fcs2+VySJyC2r7VjfXyD9VcYJT6ODqq+YnaE65sgW+RrslLZA5Lk6qn2lKaV2PfNM0KPcembX1nqJIJ4F+wugZNeJSSWrQOygY1hM4kB20GTrXuhQxJuk7Iw5KTDWXFz1uUnK8FP7pzCiEM8QBx8+YPgiSobL5srCs7Mai0hnseqfSiwlOgibEkYpSknIh5DEVpYhtFim7TF+S4GlgEphRSmejGaCaLbmoqL2S58cGBw8ojvjmvHGBTAg+7lPjFOU1qQubqyg20faSjj3Nn7vk/l7K125V5B0pvI5ZrMYfcK0VnjqAO8udm3brURilrFjQbLrsK/PNoC+hPDfLV+73TwnsELffHJ5Nqa44ctr+zeE9kPDzLqyayCVjSPWEBbTQa2+iep2C1s5/bkqbkY1/wov/TsZnRZcGzlw8QynlOX5YxCIgeHOqzEkzziCyiyv3xUMkS0NY+biSNkpDnuHi5G2z2gttQ/LzVWTqi4H4jERgmMEiUAujurVf4ysHNnH5mxjpQyKh+DMpKe7JST3OMZZye6OAoMJkJa5axTueMIz7XY6qCBd3PQJZrvoq+3ngIUwdJSj/GTtnkQ==",
            "region": "us-east-1",
            "tags": null,
            "tags_all": {}
          },
          "sensitive_attributes": [],
          "identity_schema_version": 0,
          "private": "eyJzY2hlbWFfdmVyc2lvbiI6IjEifQ==",
          "dependencies": [
            "module.KEY_Bastion.tls_private_key.my_key"
          ]
        }
      ]
    },
    {
      "module": "module.KEY_Bastion",
      "mode": "managed",
      "type": "local_file",
      "name": "private_key",
      "provider": "provider[\"registry.terraform.io/hashicorp/local\"]",
      "instances": [
        {
          "schema_version": 0,
          "attributes": {
            "content": "-----BEGIN RSA PRIVATE KEY-----\nMIIJKQIBAAKCAgEAt6pjj7ajIqGG7mTc+C8CZAtoKBUUDOao55HiFJdlyEBRCZvA\nO+FoufCLhYOcoyMRNPptT0P0V2vIiNqgQb8egXn5mzdBXLNvlckicgtq+1Y318g/\nVXGCU+jg6qvmJ2hOubIFvka7JS2QOS5Oqp9pSmldj3zTNCj3Hpm19Z6iSCeBfsLo\nGTXiUklq0DsoGNYTOJAdtBk617oUMSbpOyMOSkw1lxc9blJyvBT+6cwohDPEAcfP\nmD4IkqGy+bKwrOzGotIZ7Hqn0osJToImxJGKUpJyIeQxFaWIbRYpu0xfkuBpYBKY\nUUpnoxmgmi25qKi9kufHBgcPKI745rxxgUwIPu5T4xTlNakLm6soNtH2ko49zZ+7\n5P5eytduVeQdKbyOWazGH3CtFZ46gDvLnZt261EYpaxY0Gy67CvzzaAvoTw3y1fu\n908J7BC33xyeTamuOHLa/s3hPZDw8y6smsglY0j1hAW00GtvonqdgtbOf25Km5GN\nf8KL/07GZ0WXBs5cPEMp5Tl+WMQiIHhzqsxJM84gsosr98VDJEtDWPm4kjZKQ57h\n4uRts9oLbUPy81Vk6ouB+IxEYJjBIlALo7q1X+MrBzZx+ZsY6UMiofgzKSnuyUk9\nzjGWcnujgKDCZCWuWsU7njCM+12OqggXdz0CWa76Kvt54CFMHSUo/xk7Z5ECAwEA\nAQKCAgAffW7RkqJYyzILyK5cPQ8fYRdMHAUSiy+1eH03Q5f3ZBOg3pvwiF7A1p3N\nV/nwvI/0MeWw+/k2TewVjsqAS0jrMSMbOjeSMc+1ckVeIVgH3Mn5TMOTHkGWqmx5\nv9xXsFojG4NBkvX+U1gRfb+OIIPYdsVMVz4NCOMJ05fvk3HGhkN9HOTXgbYanqza\nI/Jlg7rK7WayXMsKdsSEguPlOEb4dSWRELJ/KlKyrbThGBhwRkHafkw5EZW9skyx\n5DHHjFcoTnaUZZlFj4IafFUySbPaIXLBHdNOn1GLRowEKX2PfLuEddu4wFWRkNDI\n7oMRCFFskSG+BlLShOTnBrM9VHBrM18Bi1zus+XjWSWG88p2NZ/nyLJaPKigYbDR\nksinl0GiIJUtFitYWLsDlLDdIDk0HQQcJOH/LnoOJJwNxp0ulSiyXPfW8ffXUnxH\n4mBx0axZKxFH2y80SrLZ0KSpkox22HOYtNWF1BdinFwMzaKYxHZ9Qy/NAhp6bmyA\n11bCTZeV/stA0QE+IUATnliMiRgCkRxX12WttMz+L0f8MJWvupgwcpTb+PmmziAD\nWHvr/vecAYvKdcbJORrdA74qaIUk75/89MApQruZgr/cIzbxKkNLIooRD43olvK/\nbjB/vyTTR+snJShHYRXta33A7qNUztr41/gmQyPjTrKgpeEjowKCAQEA4XkrIBMe\nSpSMlQB6lrAnW//fR8fbHqVOk01Vk/s7BOlgdKBa0b6TNGk8UzAyR+o09k3MOQvh\n7759j2DWERjQjualgr3csY6m+/iab88/n7yMtfyZUhFSntwEI2jFzPnQRGjZAj8Y\nNFDTv/MkZ9F3qu4oFlT93ImUF39/w4vbpJUig5cUFhKIJq/88kRWgXXLF71+r2EZ\nZRuW9PEpvBhlJp+YOA6+MmjTwP0IV8DiK5xjs/S6DLxK0fDCFZnRBMX3CwwJ9+Tr\n2tfFEnGx9Cg6tOj2wkqOeA+N1DINMeplN5x0zG/25d6145cOZ9//iMJgNjHbrGcd\nvzxO9zFVbcrifwKCAQEA0Igtll/suSll19AKqnI4Bh7HCm5uBvuLItmVDH8PeETJ\nanfRGRVvAxHb7D4Dd/L/9hBp0Hq2XPh/0gHDSolOXMu99jjujrNGZR9zAB5M+VHx\njtB0fKpH7MI7RpSsEdOz/I3Ti73tIEC6Bnu6hI4ABugVE46fUDk+vAu4P5s+kPPd\n8issz5QpDAeBpF5Pb7AAMXOM5mipHv2qhA3HkMk8K9bvjO7+g9i/+qUsDn03hU+q\nAPyvwBqlvoTe4yuuuIrqSl4bfp0jX9cmWLwsDvQyZwYKiAQydlotsBq4HQsZbFes\nM0Tyuu8NwKfSdGmgOdfBYEXoSTTzfxKEixUluO6N7wKCAQEAso9f7MXXPl8IOlQn\nwUB92yj27YTD7jAh2xvqgwf6BHjB73qykdqn/2C76nGH0FYVXV3dNuxHILMuAqdA\nwEdzm0fjmXe82EzNx0xpGdT6YQlUMid6UHjxgmdhS52E0ECihBq4iUPoaj38g84N\nbb6AU7jJvG3QoZ++zSEm0HjpGB0XOTkjKhvBAUpsOnyOOXZMwV9LfZ6bGuxPj2mR\nkKmNKZpIVVSvoYJM+FArFDvnoXv3paNQ2Bch9cMCIVMwKeSRMYl2N4BunGA2bNXn\nhSF65Jx+Fv4ud7xxqLN+qaIkSHc6NFETKZZHW5bcTL0jRG4S/bhcbNs4vqMHMlI6\ngnmjBwKCAQBVomaeJxxOWYrCGmQW5LrPAJqaVQkIAwp7MED+FbujlxPjjfqnQ18I\nMrBOjpTcEEU+pjTd8VasTTwoYKLzG/m7L8v9rhmBLmvNISIXvVm81QLOtBnyC/dn\nacfvzyPuWjLClvd1nnQfV5VNDkhlIO8v5uSo2FviFPAHRwTN0hHactsFFOfdAqns\nj7SUbEpQwkUCCcKl5/rziBYbDpGSiqEUG7rZ9Fc+i6ci5et2s8M2EqXsq9f8mrTP\nzT6+qXShwiI+kfDWiO86716G+BdbuLpuBlQS0S5r3dJ/TCmpe6JgFIzZrQnE7GCI\naiKJvcqXlluKDos6bO1FlLQrbW7FR+mvAoIBAQDapHZcJdzCZDp6StVc1oiR+zTu\nPcBIq/J6X+WkgsmYKrlQVwUwWM50kOyymB13bql/gDrWBYhRyxtvKRuXavwBU11Q\niHrlAEvLD4mZGBl89+rqlvuHNHxyb9nNUi77/qtVWrwazdxYNDOjoaHWDouZCGRE\nxqFJRxq4zxq3Y4Y7r2aMs8cv7VCU6IvFk7+4G5YKX5vpbLPhRb8jdYxzbZXLqLkt\na2vBdm2n+nx/jeIIl0RrQoaa7A1vKb3UD3vWpwR0LTtPhgFwOgvMbluUY4d0lkMJ\nD1U022M7Ar7r22cY5/Zude+WG2bfr2ZAqOXf3nNqWsiEJ4QBJR+hDTDAk8AB\n-----END RSA PRIVATE KEY-----\n",
            "content_base64": null,
            "content_base64sha256": "d3tXLV04AQddIMQDQ4RAqEzaR5Hdtauo0oDaiSv2/jw=",
            "content_base64sha512": "lYv/TuZILWLnkHym+KrhyijZDyi6fkNSqOLpBRVFu/opackQTe3FEoKuKjxJEE6bpnrujgVjUG3uD14qBNTghw==",
            "content_md5": "49332505300cfd5547e8ea73b5aa98ee",
            "content_sha1": "4b6267cd295f6f72d7a596fe83899c96dd8916a1",
            "content_sha256": "777b572d5d3801075d20c403438440a84cda4791ddb5aba8d280da892bf6fe3c",
            "content_sha512": "958bff4ee6482d62e7907ca6f8aae1ca28d90f28ba7e4352a8e2e9051545bbfa2969c9104dedc51282ae2a3c49104e9ba67aee8e0563506dee0f5e2a04d4e087",
            "directory_permission": "0777",
            "file_permission": "0600",
            "filename": "modules/KEY/mykeys/Bastion-my-key-pair_private.pem",
            "id": "4b6267cd295f6f72d7a596fe83899c96dd8916a1",
            "sensitive_content": null,
            "source": null
          },
          "sensitive_attributes": [
            [
              {
                "type": "get_attr",
                "value": "content"
              }
            ],
            [
              {
                "type": "get_attr",
                "value": "sensitive_content"
              }
            ]
          ],
          "identity_schema_version": 0,
          "dependencies": [
            "module.KEY_Bastion.tls_private_key.my_key"
          ]
        }
      ]
    },
    {
      "module": "module.KEY_Bastion",
      "mode": "managed",
      "type": "tls_private_key",
      "name": "my_key",
      "provider": "provider[\"registry.terraform.io/hashicorp/tls\"]",
      "instances": [
        {
          "schema_version": 1,
          "attributes": {
            "algorithm": "RSA",
            "ecdsa_curve": "P224",
            "id": "bec1de7065ecad537b5e26a5dfba86bade6c3daf",
            "private_key_openssh": "-----BEGIN OPENSSH PRIVATE KEY-----\nb3BlbnNzaC1rZXktdjEAAAAABG5vbmUAAAAEbm9uZQAAAAAAAAABAAACFwAAAAdz\nc2gtcnNhAAAAAwEAAQAAAgEAt6pjj7ajIqGG7mTc+C8CZAtoKBUUDOao55HiFJdl\nyEBRCZvAO+FoufCLhYOcoyMRNPptT0P0V2vIiNqgQb8egXn5mzdBXLNvlckicgtq\n+1Y318g/VXGCU+jg6qvmJ2hOubIFvka7JS2QOS5Oqp9pSmldj3zTNCj3Hpm19Z6i\nSCeBfsLoGTXiUklq0DsoGNYTOJAdtBk617oUMSbpOyMOSkw1lxc9blJyvBT+6cwo\nhDPEAcfPmD4IkqGy+bKwrOzGotIZ7Hqn0osJToImxJGKUpJyIeQxFaWIbRYpu0xf\nkuBpYBKYUUpnoxmgmi25qKi9kufHBgcPKI745rxxgUwIPu5T4xTlNakLm6soNtH2\nko49zZ+75P5eytduVeQdKbyOWazGH3CtFZ46gDvLnZt261EYpaxY0Gy67CvzzaAv\noTw3y1fu908J7BC33xyeTamuOHLa/s3hPZDw8y6smsglY0j1hAW00GtvonqdgtbO\nf25Km5GNf8KL/07GZ0WXBs5cPEMp5Tl+WMQiIHhzqsxJM84gsosr98VDJEtDWPm4\nkjZKQ57h4uRts9oLbUPy81Vk6ouB+IxEYJjBIlALo7q1X+MrBzZx+ZsY6UMiofgz\nKSnuyUk9zjGWcnujgKDCZCWuWsU7njCM+12OqggXdz0CWa76Kvt54CFMHSUo/xk7\nZ5EAAAc44L6WpOC+lqQAAAAHc3NoLXJzYQAAAgEAt6pjj7ajIqGG7mTc+C8CZAto\nKBUUDOao55HiFJdlyEBRCZvAO+FoufCLhYOcoyMRNPptT0P0V2vIiNqgQb8egXn5\nmzdBXLNvlckicgtq+1Y318g/VXGCU+jg6qvmJ2hOubIFvka7JS2QOS5Oqp9pSmld\nj3zTNCj3Hpm19Z6iSCeBfsLoGTXiUklq0DsoGNYTOJAdtBk617oUMSbpOyMOSkw1\nlxc9blJyvBT+6cwohDPEAcfPmD4IkqGy+bKwrOzGotIZ7Hqn0osJToImxJGKUpJy\nIeQxFaWIbRYpu0xfkuBpYBKYUUpnoxmgmi25qKi9kufHBgcPKI745rxxgUwIPu5T\n4xTlNakLm6soNtH2ko49zZ+75P5eytduVeQdKbyOWazGH3CtFZ46gDvLnZt261EY\npaxY0Gy67CvzzaAvoTw3y1fu908J7BC33xyeTamuOHLa/s3hPZDw8y6smsglY0j1\nhAW00GtvonqdgtbOf25Km5GNf8KL/07GZ0WXBs5cPEMp5Tl+WMQiIHhzqsxJM84g\nsosr98VDJEtDWPm4kjZKQ57h4uRts9oLbUPy81Vk6ouB+IxEYJjBIlALo7q1X+Mr\nBzZx+ZsY6UMiofgzKSnuyUk9zjGWcnujgKDCZCWuWsU7njCM+12OqggXdz0CWa76\nKvt54CFMHSUo/xk7Z5EAAAADAQABAAACAB99btGSoljLMgvIrlw9Dx9hF0wcBRKL\nL7V4fTdDl/dkE6Dem/CIXsDWnc1X+fC8j/Qx5bD7+TZN7BWOyoBLSOsxIxs6N5Ix\nz7VyRV4hWAfcyflMw5MeQZaqbHm/3FewWiMbg0GS9f5TWBF9v44gg9h2xUxXPg0I\n4wnTl++TccaGQ30c5NeBthqerNoj8mWDusrtZrJcywp2xISC4+U4Rvh1JZEQsn8q\nUrKttOEYGHBGQdp+TDkRlb2yTLHkMceMVyhOdpRlmUWPghp8VTJJs9ohcsEd006f\nUYtGjAQpfY98u4R127jAVZGQ0MjugxEIUWyRIb4GUtKE5OcGsz1UcGszXwGLXO6z\n5eNZJYbzynY1n+fIslo8qKBhsNGSyKeXQaIglS0WK1hYuwOUsN0gOTQdBBwk4f8u\neg4knA3GnS6VKLJc99bx99dSfEfiYHHRrFkrEUfbLzRKstnQpKmSjHbYc5i01YXU\nF2KcXAzNopjEdn1DL80CGnpubIDXVsJNl5X+y0DRAT4hQBOeWIyJGAKRHFfXZa20\nzP4vR/wwla+6mDBylNv4+abOIANYe+v+95wBi8p1xsk5Gt0DvipohSTvn/z0wClC\nu5mCv9wjNvEqQ0siihEPjeiW8r9uMH+/JNNH6yclKEdhFe1rfcDuo1TO2vjX+CZD\nI+NOsqCl4SOjAAABAQDapHZcJdzCZDp6StVc1oiR+zTuPcBIq/J6X+WkgsmYKrlQ\nVwUwWM50kOyymB13bql/gDrWBYhRyxtvKRuXavwBU11QiHrlAEvLD4mZGBl89+rq\nlvuHNHxyb9nNUi77/qtVWrwazdxYNDOjoaHWDouZCGRExqFJRxq4zxq3Y4Y7r2aM\ns8cv7VCU6IvFk7+4G5YKX5vpbLPhRb8jdYxzbZXLqLkta2vBdm2n+nx/jeIIl0Rr\nQoaa7A1vKb3UD3vWpwR0LTtPhgFwOgvMbluUY4d0lkMJD1U022M7Ar7r22cY5/Zu\nde+WG2bfr2ZAqOXf3nNqWsiEJ4QBJR+hDTDAk8ABAAABAQDheSsgEx5KlIyVAHqW\nsCdb/99Hx9sepU6TTVWT+zsE6WB0oFrRvpM0aTxTMDJH6jT2Tcw5C+Hvvn2PYNYR\nGNCO5qWCvdyxjqb7+Jpvzz+fvIy1/JlSEVKe3AQjaMXM+dBEaNkCPxg0UNO/8yRn\n0Xeq7igWVP3ciZQXf3/Di9uklSKDlxQWEogmr/zyRFaBdcsXvX6vYRllG5b08Sm8\nGGUmn5g4Dr4yaNPA/QhXwOIrnGOz9LoMvErR8MIVmdEExfcLDAn35Ova18UScbH0\nKDq06PbCSo54D43UMg0x6mU3nHTMb/bl3rXjlw5n3/+IwmA2MdusZx2/PE73MVVt\nyuJ/AAABAQDQiC2WX+y5KWXX0AqqcjgGHscKbm4G+4si2ZUMfw94RMlqd9EZFW8D\nEdvsPgN38v/2EGnQerZc+H/SAcNKiU5cy732OO6Os0ZlH3MAHkz5UfGO0HR8qkfs\nwjtGlKwR07P8jdOLve0gQLoGe7qEjgAG6BUTjp9QOT68C7g/mz6Q893yKyzPlCkM\nB4GkXk9vsAAxc4zmaKke/aqEDceQyTwr1u+M7v6D2L/6pSwOfTeFT6oA/K/AGqW+\nhN7jK664iupKXht+nSNf1yZYvCwO9DJnBgqIBDJ2Wi2wGrgdCxlsV6wzRPK67w3A\np9J0aaA518FgRehJNPN/EoSLFSW47o3vAAAAAAEC\n-----END OPENSSH PRIVATE KEY-----\n",
            "private_key_pem": "-----BEGIN RSA PRIVATE KEY-----\nMIIJKQIBAAKCAgEAt6pjj7ajIqGG7mTc+C8CZAtoKBUUDOao55HiFJdlyEBRCZvA\nO+FoufCLhYOcoyMRNPptT0P0V2vIiNqgQb8egXn5mzdBXLNvlckicgtq+1Y318g/\nVXGCU+jg6qvmJ2hOubIFvka7JS2QOS5Oqp9pSmldj3zTNCj3Hpm19Z6iSCeBfsLo\nGTXiUklq0DsoGNYTOJAdtBk617oUMSbpOyMOSkw1lxc9blJyvBT+6cwohDPEAcfP\nmD4IkqGy+bKwrOzGotIZ7Hqn0osJToImxJGKUpJyIeQxFaWIbRYpu0xfkuBpYBKY\nUUpnoxmgmi25qKi9kufHBgcPKI745rxxgUwIPu5T4xTlNakLm6soNtH2ko49zZ+7\n5P5eytduVeQdKbyOWazGH3CtFZ46gDvLnZt261EYpaxY0Gy67CvzzaAvoTw3y1fu\n908J7BC33xyeTamuOHLa/s3hPZDw8y6smsglY0j1hAW00GtvonqdgtbOf25Km5GN\nf8KL/07GZ0WXBs5cPEMp5Tl+WMQiIHhzqsxJM84gsosr98VDJEtDWPm4kjZKQ57h\n4uRts9oLbUPy81Vk6ouB+IxEYJjBIlALo7q1X+MrBzZx+ZsY6UMiofgzKSnuyUk9\nzjGWcnujgKDCZCWuWsU7njCM+12OqggXdz0CWa76Kvt54CFMHSUo/xk7Z5ECAwEA\nAQKCAgAffW7RkqJYyzILyK5cPQ8fYRdMHAUSiy+1eH03Q5f3ZBOg3pvwiF7A1p3N\nV/nwvI/0MeWw+/k2TewVjsqAS0jrMSMbOjeSMc+1ckVeIVgH3Mn5TMOTHkGWqmx5\nv9xXsFojG4NBkvX+U1gRfb+OIIPYdsVMVz4NCOMJ05fvk3HGhkN9HOTXgbYanqza\nI/Jlg7rK7WayXMsKdsSEguPlOEb4dSWRELJ/KlKyrbThGBhwRkHafkw5EZW9skyx\n5DHHjFcoTnaUZZlFj4IafFUySbPaIXLBHdNOn1GLRowEKX2PfLuEddu4wFWRkNDI\n7oMRCFFskSG+BlLShOTnBrM9VHBrM18Bi1zus+XjWSWG88p2NZ/nyLJaPKigYbDR\nksinl0GiIJUtFitYWLsDlLDdIDk0HQQcJOH/LnoOJJwNxp0ulSiyXPfW8ffXUnxH\n4mBx0axZKxFH2y80SrLZ0KSpkox22HOYtNWF1BdinFwMzaKYxHZ9Qy/NAhp6bmyA\n11bCTZeV/stA0QE+IUATnliMiRgCkRxX12WttMz+L0f8MJWvupgwcpTb+PmmziAD\nWHvr/vecAYvKdcbJORrdA74qaIUk75/89MApQruZgr/cIzbxKkNLIooRD43olvK/\nbjB/vyTTR+snJShHYRXta33A7qNUztr41/gmQyPjTrKgpeEjowKCAQEA4XkrIBMe\nSpSMlQB6lrAnW//fR8fbHqVOk01Vk/s7BOlgdKBa0b6TNGk8UzAyR+o09k3MOQvh\n7759j2DWERjQjualgr3csY6m+/iab88/n7yMtfyZUhFSntwEI2jFzPnQRGjZAj8Y\nNFDTv/MkZ9F3qu4oFlT93ImUF39/w4vbpJUig5cUFhKIJq/88kRWgXXLF71+r2EZ\nZRuW9PEpvBhlJp+YOA6+MmjTwP0IV8DiK5xjs/S6DLxK0fDCFZnRBMX3CwwJ9+Tr\n2tfFEnGx9Cg6tOj2wkqOeA+N1DINMeplN5x0zG/25d6145cOZ9//iMJgNjHbrGcd\nvzxO9zFVbcrifwKCAQEA0Igtll/suSll19AKqnI4Bh7HCm5uBvuLItmVDH8PeETJ\nanfRGRVvAxHb7D4Dd/L/9hBp0Hq2XPh/0gHDSolOXMu99jjujrNGZR9zAB5M+VHx\njtB0fKpH7MI7RpSsEdOz/I3Ti73tIEC6Bnu6hI4ABugVE46fUDk+vAu4P5s+kPPd\n8issz5QpDAeBpF5Pb7AAMXOM5mipHv2qhA3HkMk8K9bvjO7+g9i/+qUsDn03hU+q\nAPyvwBqlvoTe4yuuuIrqSl4bfp0jX9cmWLwsDvQyZwYKiAQydlotsBq4HQsZbFes\nM0Tyuu8NwKfSdGmgOdfBYEXoSTTzfxKEixUluO6N7wKCAQEAso9f7MXXPl8IOlQn\nwUB92yj27YTD7jAh2xvqgwf6BHjB73qykdqn/2C76nGH0FYVXV3dNuxHILMuAqdA\nwEdzm0fjmXe82EzNx0xpGdT6YQlUMid6UHjxgmdhS52E0ECihBq4iUPoaj38g84N\nbb6AU7jJvG3QoZ++zSEm0HjpGB0XOTkjKhvBAUpsOnyOOXZMwV9LfZ6bGuxPj2mR\nkKmNKZpIVVSvoYJM+FArFDvnoXv3paNQ2Bch9cMCIVMwKeSRMYl2N4BunGA2bNXn\nhSF65Jx+Fv4ud7xxqLN+qaIkSHc6NFETKZZHW5bcTL0jRG4S/bhcbNs4vqMHMlI6\ngnmjBwKCAQBVomaeJxxOWYrCGmQW5LrPAJqaVQkIAwp7MED+FbujlxPjjfqnQ18I\nMrBOjpTcEEU+pjTd8VasTTwoYKLzG/m7L8v9rhmBLmvNISIXvVm81QLOtBnyC/dn\nacfvzyPuWjLClvd1nnQfV5VNDkhlIO8v5uSo2FviFPAHRwTN0hHactsFFOfdAqns\nj7SUbEpQwkUCCcKl5/rziBYbDpGSiqEUG7rZ9Fc+i6ci5et2s8M2EqXsq9f8mrTP\nzT6+qXShwiI+kfDWiO86716G+BdbuLpuBlQS0S5r3dJ/TCmpe6JgFIzZrQnE7GCI\naiKJvcqXlluKDos6bO1FlLQrbW7FR+mvAoIBAQDapHZcJdzCZDp6StVc1oiR+zTu\nPcBIq/J6X+WkgsmYKrlQVwUwWM50kOyymB13bql/gDrWBYhRyxtvKRuXavwBU11Q\niHrlAEvLD4mZGBl89+rqlvuHNHxyb9nNUi77/qtVWrwazdxYNDOjoaHWDouZCGRE\nxqFJRxq4zxq3Y4Y7r2aMs8cv7VCU6IvFk7+4G5YKX5vpbLPhRb8jdYxzbZXLqLkt\na2vBdm2n+nx/jeIIl0RrQoaa7A1vKb3UD3vWpwR0LTtPhgFwOgvMbluUY4d0lkMJ\nD1U022M7Ar7r22cY5/Zude+WG2bfr2ZAqOXf3nNqWsiEJ4QBJR+hDTDAk8AB\n-----END RSA PRIVATE KEY-----\n",
            "private_key_pem_pkcs8": "-----BEGIN PRIVATE KEY-----\nMIIJQwIBADANBgkqhkiG9w0BAQEFAASCCS0wggkpAgEAAoICAQC3qmOPtqMioYbu\nZNz4LwJkC2goFRQM5qjnkeIUl2XIQFEJm8A74Wi58IuFg5yjIxE0+m1PQ/RXa8iI\n2qBBvx6BefmbN0Fcs2+VySJyC2r7VjfXyD9VcYJT6ODqq+YnaE65sgW+RrslLZA5\nLk6qn2lKaV2PfNM0KPcembX1nqJIJ4F+wugZNeJSSWrQOygY1hM4kB20GTrXuhQx\nJuk7Iw5KTDWXFz1uUnK8FP7pzCiEM8QBx8+YPgiSobL5srCs7Mai0hnseqfSiwlO\ngibEkYpSknIh5DEVpYhtFim7TF+S4GlgEphRSmejGaCaLbmoqL2S58cGBw8ojvjm\nvHGBTAg+7lPjFOU1qQubqyg20faSjj3Nn7vk/l7K125V5B0pvI5ZrMYfcK0VnjqA\nO8udm3brURilrFjQbLrsK/PNoC+hPDfLV+73TwnsELffHJ5Nqa44ctr+zeE9kPDz\nLqyayCVjSPWEBbTQa2+iep2C1s5/bkqbkY1/wov/TsZnRZcGzlw8QynlOX5YxCIg\neHOqzEkzziCyiyv3xUMkS0NY+biSNkpDnuHi5G2z2gttQ/LzVWTqi4H4jERgmMEi\nUAujurVf4ysHNnH5mxjpQyKh+DMpKe7JST3OMZZye6OAoMJkJa5axTueMIz7XY6q\nCBd3PQJZrvoq+3ngIUwdJSj/GTtnkQIDAQABAoICAB99btGSoljLMgvIrlw9Dx9h\nF0wcBRKLL7V4fTdDl/dkE6Dem/CIXsDWnc1X+fC8j/Qx5bD7+TZN7BWOyoBLSOsx\nIxs6N5Ixz7VyRV4hWAfcyflMw5MeQZaqbHm/3FewWiMbg0GS9f5TWBF9v44gg9h2\nxUxXPg0I4wnTl++TccaGQ30c5NeBthqerNoj8mWDusrtZrJcywp2xISC4+U4Rvh1\nJZEQsn8qUrKttOEYGHBGQdp+TDkRlb2yTLHkMceMVyhOdpRlmUWPghp8VTJJs9oh\ncsEd006fUYtGjAQpfY98u4R127jAVZGQ0MjugxEIUWyRIb4GUtKE5OcGsz1UcGsz\nXwGLXO6z5eNZJYbzynY1n+fIslo8qKBhsNGSyKeXQaIglS0WK1hYuwOUsN0gOTQd\nBBwk4f8ueg4knA3GnS6VKLJc99bx99dSfEfiYHHRrFkrEUfbLzRKstnQpKmSjHbY\nc5i01YXUF2KcXAzNopjEdn1DL80CGnpubIDXVsJNl5X+y0DRAT4hQBOeWIyJGAKR\nHFfXZa20zP4vR/wwla+6mDBylNv4+abOIANYe+v+95wBi8p1xsk5Gt0DvipohSTv\nn/z0wClCu5mCv9wjNvEqQ0siihEPjeiW8r9uMH+/JNNH6yclKEdhFe1rfcDuo1TO\n2vjX+CZDI+NOsqCl4SOjAoIBAQDheSsgEx5KlIyVAHqWsCdb/99Hx9sepU6TTVWT\n+zsE6WB0oFrRvpM0aTxTMDJH6jT2Tcw5C+Hvvn2PYNYRGNCO5qWCvdyxjqb7+Jpv\nzz+fvIy1/JlSEVKe3AQjaMXM+dBEaNkCPxg0UNO/8yRn0Xeq7igWVP3ciZQXf3/D\ni9uklSKDlxQWEogmr/zyRFaBdcsXvX6vYRllG5b08Sm8GGUmn5g4Dr4yaNPA/QhX\nwOIrnGOz9LoMvErR8MIVmdEExfcLDAn35Ova18UScbH0KDq06PbCSo54D43UMg0x\n6mU3nHTMb/bl3rXjlw5n3/+IwmA2MdusZx2/PE73MVVtyuJ/AoIBAQDQiC2WX+y5\nKWXX0AqqcjgGHscKbm4G+4si2ZUMfw94RMlqd9EZFW8DEdvsPgN38v/2EGnQerZc\n+H/SAcNKiU5cy732OO6Os0ZlH3MAHkz5UfGO0HR8qkfswjtGlKwR07P8jdOLve0g\nQLoGe7qEjgAG6BUTjp9QOT68C7g/mz6Q893yKyzPlCkMB4GkXk9vsAAxc4zmaKke\n/aqEDceQyTwr1u+M7v6D2L/6pSwOfTeFT6oA/K/AGqW+hN7jK664iupKXht+nSNf\n1yZYvCwO9DJnBgqIBDJ2Wi2wGrgdCxlsV6wzRPK67w3Ap9J0aaA518FgRehJNPN/\nEoSLFSW47o3vAoIBAQCyj1/sxdc+Xwg6VCfBQH3bKPbthMPuMCHbG+qDB/oEeMHv\nerKR2qf/YLvqcYfQVhVdXd027Ecgsy4Cp0DAR3ObR+OZd7zYTM3HTGkZ1PphCVQy\nJ3pQePGCZ2FLnYTQQKKEGriJQ+hqPfyDzg1tvoBTuMm8bdChn77NISbQeOkYHRc5\nOSMqG8EBSmw6fI45dkzBX0t9npsa7E+PaZGQqY0pmkhVVK+hgkz4UCsUO+ehe/el\no1DYFyH1wwIhUzAp5JExiXY3gG6cYDZs1eeFIXrknH4W/i53vHGos36poiRIdzo0\nURMplkdbltxMvSNEbhL9uFxs2zi+owcyUjqCeaMHAoIBAFWiZp4nHE5ZisIaZBbk\nus8AmppVCQgDCnswQP4Vu6OXE+ON+qdDXwgysE6OlNwQRT6mNN3xVqxNPChgovMb\n+bsvy/2uGYEua80hIhe9WbzVAs60GfIL92dpx+/PI+5aMsKW93WedB9XlU0OSGUg\n7y/m5KjYW+IU8AdHBM3SEdpy2wUU590CqeyPtJRsSlDCRQIJwqXn+vOIFhsOkZKK\noRQbutn0Vz6LpyLl63azwzYSpeyr1/yatM/NPr6pdKHCIj6R8NaI7zrvXob4F1u4\num4GVBLRLmvd0n9MKal7omAUjNmtCcTsYIhqIom9ypeWW4oOizps7UWUtCttbsVH\n6a8CggEBANqkdlwl3MJkOnpK1VzWiJH7NO49wEir8npf5aSCyZgquVBXBTBYznSQ\n7LKYHXduqX+AOtYFiFHLG28pG5dq/AFTXVCIeuUAS8sPiZkYGXz36uqW+4c0fHJv\n2c1SLvv+q1VavBrN3Fg0M6OhodYOi5kIZETGoUlHGrjPGrdjhjuvZoyzxy/tUJTo\ni8WTv7gblgpfm+lss+FFvyN1jHNtlcuouS1ra8F2baf6fH+N4giXRGtChprsDW8p\nvdQPe9anBHQtO0+GAXA6C8xuW5Rjh3SWQwkPVTTbYzsCvuvbZxjn9m5175YbZt+v\nZkCo5d/ec2payIQnhAElH6ENMMCTwAE=\n-----END PRIVATE KEY-----\n",
            "public_key_fingerprint_md5": "ec:fb:9e:67:25:0f:7a:ba:8c:6c:4d:ed:64:f5:39:64",
            "public_key_fingerprint_sha256": "SHA256:UwhBJw/BZ+87BcOa3tUiVHV5dcs5tbbqtg/wLI6VfPo",
            "public_key_openssh": "ssh-rsa AAAAB3NzaC1yc2EAAAADAQABAAACAQC3qmOPtqMioYbuZNz4LwJkC2goFRQM5qjnkeIUl2XIQFEJm8A74Wi58IuFg5yjIxE0+m1PQ/RXa8iI2qBBvx6BefmbN0Fcs2+VySJyC2r7VjfXyD9VcYJT6ODqq+YnaE65sgW+RrslLZA5Lk6qn2lKaV2PfNM0KPcembX1nqJIJ4F+wugZNeJSSWrQOygY1hM4kB20GTrXuhQxJuk7Iw5KTDWXFz1uUnK8FP7pzCiEM8QBx8+YPgiSobL5srCs7Mai0hnseqfSiwlOgibEkYpSknIh5DEVpYhtFim7TF+S4GlgEphRSmejGaCaLbmoqL2S58cGBw8ojvjmvHGBTAg+7lPjFOU1qQubqyg20faSjj3Nn7vk/l7K125V5B0pvI5ZrMYfcK0VnjqAO8udm3brURilrFjQbLrsK/PNoC+hPDfLV+73TwnsELffHJ5Nqa44ctr+zeE9kPDzLqyayCVjSPWEBbTQa2+iep2C1s5/bkqbkY1/wov/TsZnRZcGzlw8QynlOX5YxCIgeHOqzEkzziCyiyv3xUMkS0NY+biSNkpDnuHi5G2z2gttQ/LzVWTqi4H4jERgmMEiUAujurVf4ysHNnH5mxjpQyKh+DMpKe7JST3OMZZye6OAoMJkJa5axTueMIz7XY6qCBd3PQJZrvoq+3ngIUwdJSj/GTtnkQ==\n",
            "public_key_pem": "-----BEGIN PUBLIC KEY-----\nMIICIjANBgkqhkiG9w0BAQEFAAOCAg8AMIICCgKCAgEAt6pjj7ajIqGG7mTc+C8C\nZAtoKBUUDOao55HiFJdlyEBRCZvAO+FoufCLhYOcoyMRNPptT0P0V2vIiNqgQb8e\ngXn5mzdBXLNvlckicgtq+1Y318g/VXGCU+jg6qvmJ2hOubIFvka7JS2QOS5Oqp9p\nSmldj3zTNCj3Hpm19Z6iSCeBfsLoGTXiUklq0DsoGNYTOJAdtBk617oUMSbpOyMO\nSkw1lxc9blJyvBT+6cwohDPEAcfPmD4IkqGy+bKwrOzGotIZ7Hqn0osJToImxJGK\nUpJyIeQxFaWIbRYpu0xfkuBpYBKYUUpnoxmgmi25qKi9kufHBgcPKI745rxxgUwI\nPu5T4xTlNakLm6soNtH2ko49zZ+75P5eytduVeQdKbyOWazGH3CtFZ46gDvLnZt2\n61EYpaxY0Gy67CvzzaAvoTw3y1fu908J7BC33xyeTamuOHLa/s3hPZDw8y6smsgl\nY0j1hAW00GtvonqdgtbOf25Km5GNf8KL/07GZ0WXBs5cPEMp5Tl+WMQiIHhzqsxJ\nM84gsosr98VDJEtDWPm4kjZKQ57h4uRts9oLbUPy81Vk6ouB+IxEYJjBIlALo7q1\nX+MrBzZx+ZsY6UMiofgzKSnuyUk9zjGWcnujgKDCZCWuWsU7njCM+12OqggXdz0C\nWa76Kvt54CFMHSUo/xk7Z5ECAwEAAQ==\n-----END PUBLIC KEY-----\n",
            "rsa_bits": 4096
          },
          "sensitive_attributes": [
            [
              {
                "type": "get_attr",
                "value": "private_key_openssh"
              }
            ],
            [
              {
                "type": "get_attr",
                "value": "private_key_pem"
              }
            ],
            [
              {
                "type": "get_attr",
                "value": "private_key_pem_pkcs8"
              }
            ]
          ],
          "identity_schema_version": 0
        }
      ]
    },
    {
      "module": "module.SG",
      "mode": "managed",
      "type": "aws_security_group",
      "name": "General_SG",
      "provider": "provider[\"registry.terraform.io/hashicorp/aws\"]",
      "instances": [
        {
          "schema_version": 1,
          "attributes": {
            "arn": "arn:aws:ec2:us-east-1:258049740213:security-group/sg-0217afa429318f075",
            "description": "This security group is for my rds instance",
            "egress": [],
            "id": "sg-0217afa429318f075",
            "ingress": [],
            "name": "my-sg",
            "name_prefix": "",
            "owner_id": "258049740213",
            "region": "us-east-1",
            "revoke_rules_on_delete": false,
            "tags": {
              "Environment": "Development",
              "Name": "my-sg-sg",
              "Owner": "Macarious",
              "VPC_Related": "arn:aws:ec2:us-east-1:258049740213:vpc/vpc-0f66a5b2afdca5d4f"
            },
            "tags_all": {
              "Environment": "Development",
              "Name": "my-sg-sg",
              "Owner": "Macarious",
              "VPC_Related": "arn:aws:ec2:us-east-1:258049740213:vpc/vpc-0f66a5b2afdca5d4f"
            },
            "timeouts": null,
            "vpc_id": "vpc-0f66a5b2afdca5d4f"
          },
          "sensitive_attributes": [],
          "identity_schema_version": 0,
          "identity": {
            "account_id": "258049740213",
            "id": "sg-0217afa429318f075",
            "region": "us-east-1"
          },
          "private": "eyJlMmJmYjczMC1lY2FhLTExZTYtOGY4OC0zNDM2M2JjN2M0YzAiOnsiY3JlYXRlIjo2MDAwMDAwMDAwMDAsImRlbGV0ZSI6OTAwMDAwMDAwMDAwfSwic2NoZW1hX3ZlcnNpb24iOiIxIn0=",
          "dependencies": [
            "module.VPC.aws_vpc.General_vpc"
          ]
        }
      ]
    },
    {
      "module": "module.SG",
      "mode": "managed",
      "type": "aws_vpc_security_group_egress_rule",
      "name": "sg_egress_rules",
      "provider": "provider[\"registry.terraform.io/hashicorp/aws\"]",
      "instances": [
        {
          "index_key": "rule1",
          "schema_version": 0,
          "attributes": {
            "arn": "arn:aws:ec2:us-east-1:258049740213:security-group-rule/sgr-0ce90403322fcb555",
            "cidr_ipv4": "0.0.0.0/0",
            "cidr_ipv6": null,
            "description": "Allow all outbound traffic",
            "from_port": null,
            "id": "sgr-0ce90403322fcb555",
            "ip_protocol": "-1",
            "prefix_list_id": null,
            "referenced_security_group_id": null,
            "region": "us-east-1",
            "security_group_id": "sg-0217afa429318f075",
            "security_group_rule_id": "sgr-0ce90403322fcb555",
            "tags": null,
            "tags_all": {},
            "to_port": null
          },
          "sensitive_attributes": [],
          "identity_schema_version": 0,
          "dependencies": [
            "module.SG.aws_security_group.General_SG",
            "module.VPC.aws_vpc.General_vpc"
          ]
        }
      ]
    },
    {
      "module": "module.SG",
      "mode": "managed",
      "type": "aws_vpc_security_group_ingress_rule",
      "name": "sg_ingress_rules",
      "provider": "provider[\"registry.terraform.io/hashicorp/aws\"]",
      "instances": [
        {
          "index_key": "http",
          "schema_version": 0,
          "attributes": {
            "arn": "arn:aws:ec2:us-east-1:258049740213:security-group-rule/sgr-0d617016046c7c3c4",
            "cidr_ipv4": "0.0.0.0/0",
            "cidr_ipv6": null,
            "description": "Allow HTTP",
            "from_port": 80,
            "id": "sgr-0d617016046c7c3c4",
            "ip_protocol": "tcp",
            "prefix_list_id": null,
            "referenced_security_group_id": null,
            "region": "us-east-1",
            "security_group_id": "sg-0217afa429318f075",
            "security_group_rule_id": "sgr-0d617016046c7c3c4",
            "tags": null,
            "tags_all": {},
            "to_port": 80
          },
          "sensitive_attributes": [],
          "identity_schema_version": 0,
          "dependencies": [
            "module.SG.aws_security_group.General_SG",
            "module.VPC.aws_vpc.General_vpc"
          ]
        },
        {
          "index_key": "https",
          "schema_version": 0,
          "attributes": {
            "arn": "arn:aws:ec2:us-east-1:258049740213:security-group-rule/sgr-0fe225c102747be09",
            "cidr_ipv4": "0.0.0.0/0",
            "cidr_ipv6": null,
            "description": "Allow HTTPS",
            "from_port": 443,
            "id": "sgr-0fe225c102747be09",
            "ip_protocol": "tcp",
            "prefix_list_id": null,
            "referenced_security_group_id": null,
            "region": "us-east-1",
            "security_group_id": "sg-0217afa429318f075",
            "security_group_rule_id": "sgr-0fe225c102747be09",
            "tags": null,
            "tags_all": {},
            "to_port": 443
          },
          "sensitive_attributes": [],
          "identity_schema_version": 0,
          "dependencies": [
            "module.SG.aws_security_group.General_SG",
            "module.VPC.aws_vpc.General_vpc"
          ]
        },
        {
          "index_key": "mysql",
          "schema_version": 0,
          "attributes": {
            "arn": "arn:aws:ec2:us-east-1:258049740213:security-group-rule/sgr-013f8702df0bc884d",
            "cidr_ipv4": "10.0.3.0/24",
            "cidr_ipv6": null,
            "description": "Allow MySQL from private subnets 10.0.3.0/24 only",
            "from_port": 3306,
            "id": "sgr-013f8702df0bc884d",
            "ip_protocol": "tcp",
            "prefix_list_id": null,
            "referenced_security_group_id": null,
            "region": "us-east-1",
            "security_group_id": "sg-0217afa429318f075",
            "security_group_rule_id": "sgr-013f8702df0bc884d",
            "tags": null,
            "tags_all": {},
            "to_port": 3306
          },
          "sensitive_attributes": [],
          "identity_schema_version": 0,
          "dependencies": [
            "module.SG.aws_security_group.General_SG",
            "module.VPC.aws_vpc.General_vpc"
          ]
        },
        {
          "index_key": "mysql_2",
          "schema_version": 0,
          "attributes": {
            "arn": "arn:aws:ec2:us-east-1:258049740213:security-group-rule/sgr-02bde61f4803a5b3b",
            "cidr_ipv4": "10.0.4.0/24",
            "cidr_ipv6": null,
            "description": "Allow MySQL from private subnets 10.0.4.0/24 only",
            "from_port": 3306,
            "id": "sgr-02bde61f4803a5b3b",
            "ip_protocol": "tcp",
            "prefix_list_id": null,
            "referenced_security_group_id": null,
            "region": "us-east-1",
            "security_group_id": "sg-0217afa429318f075",
            "security_group_rule_id": "sgr-02bde61f4803a5b3b",
            "tags": null,
            "tags_all": {},
            "to_port": 3306
          },
          "sensitive_attributes": [],
          "identity_schema_version": 0,
          "dependencies": [
            "module.SG.aws_security_group.General_SG",
            "module.VPC.aws_vpc.General_vpc"
          ]
        },
        {
          "index_key": "postgres",
          "schema_version": 0,
          "attributes": {
            "arn": "arn:aws:ec2:us-east-1:258049740213:security-group-rule/sgr-0804a05b34663ce3a",
            "cidr_ipv4": "10.0.3.0/24",
            "cidr_ipv6": null,
            "description": "Allow PostgreSQL from private subnets 10.0.3.0/24 only",
            "from_port": 5432,
            "id": "sgr-0804a05b34663ce3a",
            "ip_protocol": "tcp",
            "prefix_list_id": null,
            "referenced_security_group_id": null,
            "region": "us-east-1",
            "security_group_id": "sg-0217afa429318f075",
            "security_group_rule_id": "sgr-0804a05b34663ce3a",
            "tags": null,
            "tags_all": {},
            "to_port": 5432
          },
          "sensitive_attributes": [],
          "identity_schema_version": 0,
          "dependencies": [
            "module.SG.aws_security_group.General_SG",
            "module.VPC.aws_vpc.General_vpc"
          ]
        },
        {
          "index_key": "postgres_2",
          "schema_version": 0,
          "attributes": {
            "arn": "arn:aws:ec2:us-east-1:258049740213:security-group-rule/sgr-0ee2ad5f23af7fef7",
            "cidr_ipv4": "10.0.4.0/24",
            "cidr_ipv6": null,
            "description": "Allow PostgreSQL from private subnets 10.0.4.0/24 only",
            "from_port": 5432,
            "id": "sgr-0ee2ad5f23af7fef7",
            "ip_protocol": "tcp",
            "prefix_list_id": null,
            "referenced_security_group_id": null,
            "region": "us-east-1",
            "security_group_id": "sg-0217afa429318f075",
            "security_group_rule_id": "sgr-0ee2ad5f23af7fef7",
            "tags": null,
            "tags_all": {},
            "to_port": 5432
          },
          "sensitive_attributes": [],
          "identity_schema_version": 0,
          "dependencies": [
            "module.SG.aws_security_group.General_SG",
            "module.VPC.aws_vpc.General_vpc"
          ]
        },
        {
          "index_key": "ssh",
          "schema_version": 0,
          "attributes": {
            "arn": "arn:aws:ec2:us-east-1:258049740213:security-group-rule/sgr-05f3734806aa225b9",
            "cidr_ipv4": "0.0.0.0/0",
            "cidr_ipv6": null,
            "description": "Allow SSH",
            "from_port": 22,
            "id": "sgr-05f3734806aa225b9",
            "ip_protocol": "tcp",
            "prefix_list_id": null,
            "referenced_security_group_id": null,
            "region": "us-east-1",
            "security_group_id": "sg-0217afa429318f075",
            "security_group_rule_id": "sgr-05f3734806aa225b9",
            "tags": null,
            "tags_all": {},
            "to_port": 22
          },
          "sensitive_attributes": [],
          "identity_schema_version": 0,
          "dependencies": [
            "module.SG.aws_security_group.General_SG",
            "module.VPC.aws_vpc.General_vpc"
          ]
        }
      ]
    },
    {
      "module": "module.VPC",
      "mode": "managed",
      "type": "aws_internet_gateway",
      "name": "gw",
      "provider": "provider[\"registry.terraform.io/hashicorp/aws\"]",
      "instances": [
        {
          "index_key": 0,
          "schema_version": 0,
          "attributes": {
            "arn": "arn:aws:ec2:us-east-1:258049740213:internet-gateway/igw-0b1ab57d533a854c0",
            "id": "igw-0b1ab57d533a854c0",
            "owner_id": "258049740213",
            "region": "us-east-1",
            "tags": {
              "Environment": "development",
              "Name": "my-vpc-2-igw",
              "Owner": "Macarious"
            },
            "tags_all": {
              "Environment": "development",
              "Name": "my-vpc-2-igw",
              "Owner": "Macarious"
            },
            "timeouts": null,
            "vpc_id": "vpc-0f66a5b2afdca5d4f"
          },
          "sensitive_attributes": [],
          "identity_schema_version": 0,
          "private": "eyJlMmJmYjczMC1lY2FhLTExZTYtOGY4OC0zNDM2M2JjN2M0YzAiOnsiY3JlYXRlIjoxMjAwMDAwMDAwMDAwLCJkZWxldGUiOjEyMDAwMDAwMDAwMDAsInVwZGF0ZSI6MTIwMDAwMDAwMDAwMH19",
          "dependencies": [
            "module.VPC.aws_vpc.General_vpc"
          ]
        }
      ]
    },
    {
      "module": "module.VPC",
      "mode": "managed",
      "type": "aws_route_table",
      "name": "private_rt",
      "provider": "provider[\"registry.terraform.io/hashicorp/aws\"]",
      "instances": [
        {
          "index_key": 0,
          "schema_version": 0,
          "attributes": {
            "arn": "arn:aws:ec2:us-east-1:258049740213:route-table/rtb-0d82d6a77bf2c169c",
            "id": "rtb-0d82d6a77bf2c169c",
            "owner_id": "258049740213",
            "propagating_vgws": [],
            "region": "us-east-1",
            "route": [],
            "tags": {
              "Environment": "development",
              "Name": "my-vpc-2-private-rt-1-us-east-1a",
              "Owner": "Macarious"
            },
            "tags_all": {
              "Environment": "development",
              "Name": "my-vpc-2-private-rt-1-us-east-1a",
              "Owner": "Macarious"
            },
            "timeouts": null,
            "vpc_id": "vpc-0f66a5b2afdca5d4f"
          },
          "sensitive_attributes": [],
          "identity_schema_version": 0,
          "private": "eyJlMmJmYjczMC1lY2FhLTExZTYtOGY4OC0zNDM2M2JjN2M0YzAiOnsiY3JlYXRlIjozMDAwMDAwMDAwMDAsImRlbGV0ZSI6MzAwMDAwMDAwMDAwLCJ1cGRhdGUiOjEyMDAwMDAwMDAwMH19",
          "dependencies": [
            "module.VPC.aws_eip.elastic_ip",
            "module.VPC.aws_internet_gateway.gw",
            "module.VPC.aws_nat_gateway.NAT_GW",
            "module.VPC.aws_subnet.public_subnets",
            "module.VPC.aws_vpc.General_vpc"
          ]
        },
        {
          "index_key": 1,
          "schema_version": 0,
          "attributes": {
            "arn": "arn:aws:ec2:us-east-1:258049740213:route-table/rtb-0e0d66ea359e6513d",
            "id": "rtb-0e0d66ea359e6513d",
            "owner_id": "258049740213",
            "propagating_vgws": [],
            "region": "us-east-1",
            "route": [],
            "tags": {
              "Environment": "development",
              "Name": "my-vpc-2-private-rt-2-us-east-1b",
              "Owner": "Macarious"
            },
            "tags_all": {
              "Environment": "development",
              "Name": "my-vpc-2-private-rt-2-us-east-1b",
              "Owner": "Macarious"
            },
            "timeouts": null,
            "vpc_id": "vpc-0f66a5b2afdca5d4f"
          },
          "sensitive_attributes": [],
          "identity_schema_version": 0,
          "private": "eyJlMmJmYjczMC1lY2FhLTExZTYtOGY4OC0zNDM2M2JjN2M0YzAiOnsiY3JlYXRlIjozMDAwMDAwMDAwMDAsImRlbGV0ZSI6MzAwMDAwMDAwMDAwLCJ1cGRhdGUiOjEyMDAwMDAwMDAwMH19",
          "dependencies": [
            "module.VPC.aws_eip.elastic_ip",
            "module.VPC.aws_internet_gateway.gw",
            "module.VPC.aws_nat_gateway.NAT_GW",
            "module.VPC.aws_subnet.public_subnets",
            "module.VPC.aws_vpc.General_vpc"
          ]
        }
      ]
    },
    {
      "module": "module.VPC",
      "mode": "managed",
      "type": "aws_route_table",
      "name": "public_rt",
      "provider": "provider[\"registry.terraform.io/hashicorp/aws\"]",
      "instances": [
        {
          "index_key": 0,
          "schema_version": 0,
          "attributes": {
            "arn": "arn:aws:ec2:us-east-1:258049740213:route-table/rtb-0fd2959cf467416df",
            "id": "rtb-0fd2959cf467416df",
            "owner_id": "258049740213",
            "propagating_vgws": [],
            "region": "us-east-1",
            "route": [
              {
                "carrier_gateway_id": "",
                "cidr_block": "0.0.0.0/0",
                "core_network_arn": "",
                "destination_prefix_list_id": "",
                "egress_only_gateway_id": "",
                "gateway_id": "igw-0b1ab57d533a854c0",
                "ipv6_cidr_block": "",
                "local_gateway_id": "",
                "nat_gateway_id": "",
                "network_interface_id": "",
                "transit_gateway_id": "",
                "vpc_endpoint_id": "",
                "vpc_peering_connection_id": ""
              }
            ],
            "tags": {
              "Environment": "development",
              "Name": "my-vpc-2-public-rt",
              "Owner": "Macarious"
            },
            "tags_all": {
              "Environment": "development",
              "Name": "my-vpc-2-public-rt",
              "Owner": "Macarious"
            },
            "timeouts": null,
            "vpc_id": "vpc-0f66a5b2afdca5d4f"
          },
          "sensitive_attributes": [],
          "identity_schema_version": 0,
          "private": "eyJlMmJmYjczMC1lY2FhLTExZTYtOGY4OC0zNDM2M2JjN2M0YzAiOnsiY3JlYXRlIjozMDAwMDAwMDAwMDAsImRlbGV0ZSI6MzAwMDAwMDAwMDAwLCJ1cGRhdGUiOjEyMDAwMDAwMDAwMH19",
          "dependencies": [
            "module.VPC.aws_internet_gateway.gw",
            "module.VPC.aws_vpc.General_vpc"
          ]
        }
      ]
    },
    {
      "module": "module.VPC",
      "mode": "managed",
      "type": "aws_route_table_association",
      "name": "private_assoc",
      "provider": "provider[\"registry.terraform.io/hashicorp/aws\"]",
      "instances": [
        {
          "index_key": 0,
          "schema_version": 0,
          "attributes": {
            "gateway_id": "",
            "id": "rtbassoc-0db4138c043955ec3",
            "region": "us-east-1",
            "route_table_id": "rtb-0d82d6a77bf2c169c",
            "subnet_id": "subnet-083a1a2049e9a7018",
            "timeouts": null
          },
          "sensitive_attributes": [],
          "identity_schema_version": 0,
          "private": "eyJlMmJmYjczMC1lY2FhLTExZTYtOGY4OC0zNDM2M2JjN2M0YzAiOnsiY3JlYXRlIjozMDAwMDAwMDAwMDAsImRlbGV0ZSI6MzAwMDAwMDAwMDAwLCJ1cGRhdGUiOjEyMDAwMDAwMDAwMH19",
          "dependencies": [
            "module.VPC.aws_eip.elastic_ip",
            "module.VPC.aws_internet_gateway.gw",
            "module.VPC.aws_nat_gateway.NAT_GW",
            "module.VPC.aws_route_table.private_rt",
            "module.VPC.aws_subnet.private_subnets",
            "module.VPC.aws_subnet.public_subnets",
            "module.VPC.aws_vpc.General_vpc"
          ]
        },
        {
          "index_key": 1,
          "schema_version": 0,
          "attributes": {
            "gateway_id": "",
            "id": "rtbassoc-02e040c9b56dc39ba",
            "region": "us-east-1",
            "route_table_id": "rtb-0e0d66ea359e6513d",
            "subnet_id": "subnet-0ad6a53b55c636ff6",
            "timeouts": null
          },
          "sensitive_attributes": [],
          "identity_schema_version": 0,
          "private": "eyJlMmJmYjczMC1lY2FhLTExZTYtOGY4OC0zNDM2M2JjN2M0YzAiOnsiY3JlYXRlIjozMDAwMDAwMDAwMDAsImRlbGV0ZSI6MzAwMDAwMDAwMDAwLCJ1cGRhdGUiOjEyMDAwMDAwMDAwMH19",
          "dependencies": [
            "module.VPC.aws_eip.elastic_ip",
            "module.VPC.aws_internet_gateway.gw",
            "module.VPC.aws_nat_gateway.NAT_GW",
            "module.VPC.aws_route_table.private_rt",
            "module.VPC.aws_subnet.private_subnets",
            "module.VPC.aws_subnet.public_subnets",
            "module.VPC.aws_vpc.General_vpc"
          ]
        }
      ]
    },
    {
      "module": "module.VPC",
      "mode": "managed",
      "type": "aws_route_table_association",
      "name": "public_assoc",
      "provider": "provider[\"registry.terraform.io/hashicorp/aws\"]",
      "instances": [
        {
          "index_key": 0,
          "schema_version": 0,
          "attributes": {
            "gateway_id": "",
            "id": "rtbassoc-030b16e5e8637b273",
            "region": "us-east-1",
            "route_table_id": "rtb-0fd2959cf467416df",
            "subnet_id": "subnet-01c7eaf02721ac328",
            "timeouts": null
          },
          "sensitive_attributes": [],
          "identity_schema_version": 0,
          "private": "eyJlMmJmYjczMC1lY2FhLTExZTYtOGY4OC0zNDM2M2JjN2M0YzAiOnsiY3JlYXRlIjozMDAwMDAwMDAwMDAsImRlbGV0ZSI6MzAwMDAwMDAwMDAwLCJ1cGRhdGUiOjEyMDAwMDAwMDAwMH19",
          "dependencies": [
            "module.VPC.aws_internet_gateway.gw",
            "module.VPC.aws_route_table.public_rt",
            "module.VPC.aws_subnet.public_subnets",
            "module.VPC.aws_vpc.General_vpc"
          ]
        },
        {
          "index_key": 1,
          "schema_version": 0,
          "attributes": {
            "gateway_id": "",
            "id": "rtbassoc-0c05bb4c40e08ae0a",
            "region": "us-east-1",
            "route_table_id": "rtb-0fd2959cf467416df",
            "subnet_id": "subnet-0946481944022c484",
            "timeouts": null
          },
          "sensitive_attributes": [],
          "identity_schema_version": 0,
          "private": "eyJlMmJmYjczMC1lY2FhLTExZTYtOGY4OC0zNDM2M2JjN2M0YzAiOnsiY3JlYXRlIjozMDAwMDAwMDAwMDAsImRlbGV0ZSI6MzAwMDAwMDAwMDAwLCJ1cGRhdGUiOjEyMDAwMDAwMDAwMH19",
          "dependencies": [
            "module.VPC.aws_internet_gateway.gw",
            "module.VPC.aws_route_table.public_rt",
            "module.VPC.aws_subnet.public_subnets",
            "module.VPC.aws_vpc.General_vpc"
          ]
        }
      ]
    },
    {
      "module": "module.VPC",
      "mode": "managed",
      "type": "aws_subnet",
      "name": "private_subnets",
      "provider": "provider[\"registry.terraform.io/hashicorp/aws\"]",
      "instances": [
        {
          "index_key": 0,
          "schema_version": 1,
          "attributes": {
            "arn": "arn:aws:ec2:us-east-1:258049740213:subnet/subnet-083a1a2049e9a7018",
            "assign_ipv6_address_on_creation": false,
            "availability_zone": "us-east-1a",
            "availability_zone_id": "use1-az1",
            "cidr_block": "10.0.3.0/24",
            "customer_owned_ipv4_pool": "",
            "enable_dns64": false,
            "enable_lni_at_device_index": 0,
            "enable_resource_name_dns_a_record_on_launch": false,
            "enable_resource_name_dns_aaaa_record_on_launch": false,
            "id": "subnet-083a1a2049e9a7018",
            "ipv6_cidr_block": "",
            "ipv6_cidr_block_association_id": "",
            "ipv6_native": false,
            "map_customer_owned_ip_on_launch": false,
            "map_public_ip_on_launch": false,
            "outpost_arn": "",
            "owner_id": "258049740213",
            "private_dns_hostname_type_on_launch": "ip-name",
            "region": "us-east-1",
            "tags": {
              "Environment": "development",
              "Name": "my-vpc-2-private-subnet-1",
              "Owner": "Macarious"
            },
            "tags_all": {
              "Environment": "development",
              "Name": "my-vpc-2-private-subnet-1",
              "Owner": "Macarious"
            },
            "timeouts": null,
            "vpc_id": "vpc-0f66a5b2afdca5d4f"
          },
          "sensitive_attributes": [],
          "identity_schema_version": 0,
          "identity": {
            "account_id": "258049740213",
            "id": "subnet-083a1a2049e9a7018",
            "region": "us-east-1"
          },
          "private": "eyJlMmJmYjczMC1lY2FhLTExZTYtOGY4OC0zNDM2M2JjN2M0YzAiOnsiY3JlYXRlIjo2MDAwMDAwMDAwMDAsImRlbGV0ZSI6MTIwMDAwMDAwMDAwMH0sInNjaGVtYV92ZXJzaW9uIjoiMSJ9",
          "dependencies": [
            "module.VPC.aws_vpc.General_vpc"
          ]
        },
        {
          "index_key": 1,
          "schema_version": 1,
          "attributes": {
            "arn": "arn:aws:ec2:us-east-1:258049740213:subnet/subnet-0ad6a53b55c636ff6",
            "assign_ipv6_address_on_creation": false,
            "availability_zone": "us-east-1b",
            "availability_zone_id": "use1-az2",
            "cidr_block": "10.0.4.0/24",
            "customer_owned_ipv4_pool": "",
            "enable_dns64": false,
            "enable_lni_at_device_index": 0,
            "enable_resource_name_dns_a_record_on_launch": false,
            "enable_resource_name_dns_aaaa_record_on_launch": false,
            "id": "subnet-0ad6a53b55c636ff6",
            "ipv6_cidr_block": "",
            "ipv6_cidr_block_association_id": "",
            "ipv6_native": false,
            "map_customer_owned_ip_on_launch": false,
            "map_public_ip_on_launch": false,
            "outpost_arn": "",
            "owner_id": "258049740213",
            "private_dns_hostname_type_on_launch": "ip-name",
            "region": "us-east-1",
            "tags": {
              "Environment": "development",
              "Name": "my-vpc-2-private-subnet-2",
              "Owner": "Macarious"
            },
            "tags_all": {
              "Environment": "development",
              "Name": "my-vpc-2-private-subnet-2",
              "Owner": "Macarious"
            },
            "timeouts": null,
            "vpc_id": "vpc-0f66a5b2afdca5d4f"
          },
          "sensitive_attributes": [],
          "identity_schema_version": 0,
          "identity": {
            "account_id": "258049740213",
            "id": "subnet-0ad6a53b55c636ff6",
            "region": "us-east-1"
          },
          "private": "eyJlMmJmYjczMC1lY2FhLTExZTYtOGY4OC0zNDM2M2JjN2M0YzAiOnsiY3JlYXRlIjo2MDAwMDAwMDAwMDAsImRlbGV0ZSI6MTIwMDAwMDAwMDAwMH0sInNjaGVtYV92ZXJzaW9uIjoiMSJ9",
          "dependencies": [
            "module.VPC.aws_vpc.General_vpc"
          ]
        }
      ]
    },
    {
      "module": "module.VPC",
      "mode": "managed",
      "type": "aws_subnet",
      "name": "public_subnets",
      "provider": "provider[\"registry.terraform.io/hashicorp/aws\"]",
      "instances": [
        {
          "index_key": 0,
          "schema_version": 1,
          "attributes": {
            "arn": "arn:aws:ec2:us-east-1:258049740213:subnet/subnet-01c7eaf02721ac328",
            "assign_ipv6_address_on_creation": false,
            "availability_zone": "us-east-1a",
            "availability_zone_id": "use1-az1",
            "cidr_block": "10.0.5.0/24",
            "customer_owned_ipv4_pool": "",
            "enable_dns64": false,
            "enable_lni_at_device_index": 0,
            "enable_resource_name_dns_a_record_on_launch": false,
            "enable_resource_name_dns_aaaa_record_on_launch": false,
            "id": "subnet-01c7eaf02721ac328",
            "ipv6_cidr_block": "",
            "ipv6_cidr_block_association_id": "",
            "ipv6_native": false,
            "map_customer_owned_ip_on_launch": false,
            "map_public_ip_on_launch": false,
            "outpost_arn": "",
            "owner_id": "258049740213",
            "private_dns_hostname_type_on_launch": "ip-name",
            "region": "us-east-1",
            "tags": {
              "Environment": "development",
              "Name": "my-vpc-2-public-subnet-1",
              "Owner": "Macarious"
            },
            "tags_all": {
              "Environment": "development",
              "Name": "my-vpc-2-public-subnet-1",
              "Owner": "Macarious"
            },
            "timeouts": null,
            "vpc_id": "vpc-0f66a5b2afdca5d4f"
          },
          "sensitive_attributes": [],
          "identity_schema_version": 0,
          "identity": {
            "account_id": "258049740213",
            "id": "subnet-01c7eaf02721ac328",
            "region": "us-east-1"
          },
          "private": "eyJlMmJmYjczMC1lY2FhLTExZTYtOGY4OC0zNDM2M2JjN2M0YzAiOnsiY3JlYXRlIjo2MDAwMDAwMDAwMDAsImRlbGV0ZSI6MTIwMDAwMDAwMDAwMH0sInNjaGVtYV92ZXJzaW9uIjoiMSJ9",
          "dependencies": [
            "module.VPC.aws_vpc.General_vpc"
          ]
        },
        {
          "index_key": 1,
          "schema_version": 1,
          "attributes": {
            "arn": "arn:aws:ec2:us-east-1:258049740213:subnet/subnet-0946481944022c484",
            "assign_ipv6_address_on_creation": false,
            "availability_zone": "us-east-1b",
            "availability_zone_id": "use1-az2",
            "cidr_block": "10.0.6.0/24",
            "customer_owned_ipv4_pool": "",
            "enable_dns64": false,
            "enable_lni_at_device_index": 0,
            "enable_resource_name_dns_a_record_on_launch": false,
            "enable_resource_name_dns_aaaa_record_on_launch": false,
            "id": "subnet-0946481944022c484",
            "ipv6_cidr_block": "",
            "ipv6_cidr_block_association_id": "",
            "ipv6_native": false,
            "map_customer_owned_ip_on_launch": false,
            "map_public_ip_on_launch": false,
            "outpost_arn": "",
            "owner_id": "258049740213",
            "private_dns_hostname_type_on_launch": "ip-name",
            "region": "us-east-1",
            "tags": {
              "Environment": "development",
              "Name": "my-vpc-2-public-subnet-2",
              "Owner": "Macarious"
            },
            "tags_all": {
              "Environment": "development",
              "Name": "my-vpc-2-public-subnet-2",
              "Owner": "Macarious"
            },
            "timeouts": null,
            "vpc_id": "vpc-0f66a5b2afdca5d4f"
          },
          "sensitive_attributes": [],
          "identity_schema_version": 0,
          "identity": {
            "account_id": "258049740213",
            "id": "subnet-0946481944022c484",
            "region": "us-east-1"
          },
          "private": "eyJlMmJmYjczMC1lY2FhLTExZTYtOGY4OC0zNDM2M2JjN2M0YzAiOnsiY3JlYXRlIjo2MDAwMDAwMDAwMDAsImRlbGV0ZSI6MTIwMDAwMDAwMDAwMH0sInNjaGVtYV92ZXJzaW9uIjoiMSJ9",
          "dependencies": [
            "module.VPC.aws_vpc.General_vpc"
          ]
        }
      ]
    },
    {
      "module": "module.VPC",
      "mode": "managed",
      "type": "aws_vpc",
      "name": "General_vpc",
      "provider": "provider[\"registry.terraform.io/hashicorp/aws\"]",
      "instances": [
        {
          "schema_version": 1,
          "attributes": {
            "arn": "arn:aws:ec2:us-east-1:258049740213:vpc/vpc-0f66a5b2afdca5d4f",
            "assign_generated_ipv6_cidr_block": false,
            "cidr_block": "10.0.0.0/16",
            "default_network_acl_id": "acl-0afd0762cdd2099af",
            "default_route_table_id": "rtb-03f81a8e4317aa956",
            "default_security_group_id": "sg-062096694883676e0",
            "dhcp_options_id": "dopt-051703acc10e3c647",
            "enable_dns_hostnames": true,
            "enable_dns_support": true,
            "enable_network_address_usage_metrics": false,
            "id": "vpc-0f66a5b2afdca5d4f",
            "instance_tenancy": "default",
            "ipv4_ipam_pool_id": null,
            "ipv4_netmask_length": null,
            "ipv6_association_id": "",
            "ipv6_cidr_block": "",
            "ipv6_cidr_block_network_border_group": "",
            "ipv6_ipam_pool_id": "",
            "ipv6_netmask_length": 0,
            "main_route_table_id": "rtb-03f81a8e4317aa956",
            "owner_id": "258049740213",
            "region": "us-east-1",
            "tags": {
              "Environment": "development",
              "Name": "my-vpc-2",
              "Owner": "Macarious"
            },
            "tags_all": {
              "Environment": "development",
              "Name": "my-vpc-2",
              "Owner": "Macarious"
            }
          },
          "sensitive_attributes": [],
          "identity_schema_version": 0,
          "private": "eyJzY2hlbWFfdmVyc2lvbiI6IjEifQ=="
        }
      ]
    }
  ],
  "check_results": [
    {
      "object_kind": "var",
      "config_addr": "module.VPC.var.nat_gateway",
      "status": "pass",
      "objects": [
        {
          "object_addr": "module.VPC.var.nat_gateway",
          "status": "pass"
        }
      ]
    },
    {
      "object_kind": "var",
      "config_addr": "module.VPC.var.azs",
      "status": "pass",
      "objects": [
        {
          "object_addr": "module.VPC.var.azs",
          "status": "pass"
        }
      ]
    },
    {
      "object_kind": "var",
      "config_addr": "module.VPC.var.private_subnets",
      "status": "pass",
      "objects": [
        {
          "object_addr": "module.VPC.var.private_subnets",
          "status": "pass"
        }
      ]
    },
    {
      "object_kind": "var",
      "config_addr": "module.VPC.var.public_subnets",
      "status": "pass",
      "objects": [
        {
          "object_addr": "module.VPC.var.public_subnets",
          "status": "pass"
        }
      ]
    }
  ]
}
